// !$*UTF8*$!
{
	archiveVersion = 1;
	classes = {
	};
	objectVersion = 50;
	objects = {

/* Begin PBXBuildFile section */
		7516B619242CB3A90060C7A4 /* SeventhClass.cpp in Sources */ = {isa = PBXBuildFile; fileRef = 7516B617242CB3A90060C7A4 /* SeventhClass.cpp */; };
		7516B61C242CB3BC0060C7A4 /* EighthClass.cpp in Sources */ = {isa = PBXBuildFile; fileRef = 7516B61A242CB3BC0060C7A4 /* EighthClass.cpp */; };
		7554DCAD23A882AB00B55DC2 /* ThirdClass.cpp in Sources */ = {isa = PBXBuildFile; fileRef = 7554DCAB23A882AB00B55DC2 /* ThirdClass.cpp */; };
		7590A61D23A0DDB3009DD837 /* main.cpp in Sources */ = {isa = PBXBuildFile; fileRef = 7590A61C23A0DDB3009DD837 /* main.cpp */; };
		75A9980923A36DC100AEA9A2 /* SecondClass.cpp in Sources */ = {isa = PBXBuildFile; fileRef = 75A9980723A36DC100AEA9A2 /* SecondClass.cpp */; };
		75C7611323D5A93F00276CB9 /* FifthClass.cpp in Sources */ = {isa = PBXBuildFile; fileRef = 75C7611123D5A93F00276CB9 /* FifthClass.cpp */; };
		75DDD5D82421F2EB0048C4E1 /* SixthClass.cpp in Sources */ = {isa = PBXBuildFile; fileRef = 75DDD5D62421F2EB0048C4E1 /* SixthClass.cpp */; };
		85B5485623AA7928002ACCFA /* FourthClass.cpp in Sources */ = {isa = PBXBuildFile; fileRef = 85B5485423AA7928002ACCFA /* FourthClass.cpp */; };
		E083571E2A1363320048A126 /* libopencv_saliency.a in Frameworks */ = {isa = PBXBuildFile; fileRef = E083569E2A1363320048A126 /* libopencv_saliency.a */; };
		E083571F2A1363320048A126 /* libopencv_photo.a in Frameworks */ = {isa = PBXBuildFile; fileRef = E083569F2A1363320048A126 /* libopencv_photo.a */; };
		E08357202A1363320048A126 /* libopencv_bgsegm.a in Frameworks */ = {isa = PBXBuildFile; fileRef = E08356A02A1363320048A126 /* libopencv_bgsegm.a */; };
		E08357212A1363320048A126 /* libopencv_sfm.4.7.0.dylib in Frameworks */ = {isa = PBXBuildFile; fileRef = E08356A12A1363320048A126 /* libopencv_sfm.4.7.0.dylib */; };
		E08357222A1363320048A126 /* libopencv_videoio.a in Frameworks */ = {isa = PBXBuildFile; fileRef = E08356A22A1363320048A126 /* libopencv_videoio.a */; };
		E08357232A1363320048A126 /* libopencv_dnn_superres.4.7.0.dylib in Frameworks */ = {isa = PBXBuildFile; fileRef = E08356A32A1363320048A126 /* libopencv_dnn_superres.4.7.0.dylib */; };
		E08357242A1363320048A126 /* libcorrespondence.a in Frameworks */ = {isa = PBXBuildFile; fileRef = E08356A42A1363320048A126 /* libcorrespondence.a */; };
		E08357252A1363320048A126 /* libopencv_quality.a in Frameworks */ = {isa = PBXBuildFile; fileRef = E08356A52A1363320048A126 /* libopencv_quality.a */; };
		E08357262A1363320048A126 /* libopencv_barcode.a in Frameworks */ = {isa = PBXBuildFile; fileRef = E08356A62A1363320048A126 /* libopencv_barcode.a */; };
		E08357272A1363320048A126 /* libopencv_surface_matching.a in Frameworks */ = {isa = PBXBuildFile; fileRef = E08356A72A1363320048A126 /* libopencv_surface_matching.a */; };
		E08357282A1363320048A126 /* libsimple_pipeline.a in Frameworks */ = {isa = PBXBuildFile; fileRef = E08356A82A1363320048A126 /* libsimple_pipeline.a */; };
		E08357292A1363320048A126 /* libopencv_datasets.a in Frameworks */ = {isa = PBXBuildFile; fileRef = E08356A92A1363320048A126 /* libopencv_datasets.a */; };
		E083572A2A1363320048A126 /* libopencv_calib3d.4.7.0.dylib in Frameworks */ = {isa = PBXBuildFile; fileRef = E08356AA2A1363320048A126 /* libopencv_calib3d.4.7.0.dylib */; };
		E083572B2A1363320048A126 /* libopencv_tracking.4.7.0.dylib in Frameworks */ = {isa = PBXBuildFile; fileRef = E08356AD2A1363320048A126 /* libopencv_tracking.4.7.0.dylib */; };
		E083572C2A1363320048A126 /* libopencv_xobjdetect.4.7.0.dylib in Frameworks */ = {isa = PBXBuildFile; fileRef = E08356AE2A1363320048A126 /* libopencv_xobjdetect.4.7.0.dylib */; };
		E083572D2A1363320048A126 /* libopencv_dnn_objdetect.a in Frameworks */ = {isa = PBXBuildFile; fileRef = E08356AF2A1363320048A126 /* libopencv_dnn_objdetect.a */; };
		E083572E2A1363320048A126 /* libopencv_text.4.7.0.dylib in Frameworks */ = {isa = PBXBuildFile; fileRef = E08356B02A1363320048A126 /* libopencv_text.4.7.0.dylib */; };
		E083572F2A1363320048A126 /* libopencv_rapid.4.7.0.dylib in Frameworks */ = {isa = PBXBuildFile; fileRef = E08356B12A1363320048A126 /* libopencv_rapid.4.7.0.dylib */; };
		E08357302A1363320048A126 /* libopencv_dnn.4.7.0.dylib in Frameworks */ = {isa = PBXBuildFile; fileRef = E08356B22A1363320048A126 /* libopencv_dnn.4.7.0.dylib */; };
		E08357312A1363320048A126 /* libopencv_ccalib.4.7.0.dylib in Frameworks */ = {isa = PBXBuildFile; fileRef = E08356B32A1363320048A126 /* libopencv_ccalib.4.7.0.dylib */; };
		E08357322A1363320048A126 /* libopencv_viz.a in Frameworks */ = {isa = PBXBuildFile; fileRef = E08356B42A1363320048A126 /* libopencv_viz.a */; };
		E08357332A1363320048A126 /* libopencv_calib3d.a in Frameworks */ = {isa = PBXBuildFile; fileRef = E08356B52A1363320048A126 /* libopencv_calib3d.a */; };
		E08357342A1363320048A126 /* libopencv_xphoto.4.7.0.dylib in Frameworks */ = {isa = PBXBuildFile; fileRef = E08356B62A1363320048A126 /* libopencv_xphoto.4.7.0.dylib */; };
		E08357352A1363320048A126 /* libopencv_xphoto.a in Frameworks */ = {isa = PBXBuildFile; fileRef = E08356B72A1363320048A126 /* libopencv_xphoto.a */; };
		E08357362A1363320048A126 /* libquirc.a in Frameworks */ = {isa = PBXBuildFile; fileRef = E08356B82A1363320048A126 /* libquirc.a */; };
		E08357372A1363320048A126 /* libopencv_objdetect.4.7.0.dylib in Frameworks */ = {isa = PBXBuildFile; fileRef = E08356B92A1363320048A126 /* libopencv_objdetect.4.7.0.dylib */; };
		E08357382A1363320048A126 /* libopencv_features2d.a in Frameworks */ = {isa = PBXBuildFile; fileRef = E08356BA2A1363320048A126 /* libopencv_features2d.a */; };
		E08357392A1363320048A126 /* libopencv_optflow.4.7.0.dylib in Frameworks */ = {isa = PBXBuildFile; fileRef = E08356BB2A1363320048A126 /* libopencv_optflow.4.7.0.dylib */; };
		E083573A2A1363320048A126 /* libopencv_barcode.4.7.0.dylib in Frameworks */ = {isa = PBXBuildFile; fileRef = E08356BC2A1363320048A126 /* libopencv_barcode.4.7.0.dylib */; };
		E083573B2A1363320048A126 /* libopencv_imgproc.4.7.0.dylib in Frameworks */ = {isa = PBXBuildFile; fileRef = E08356BD2A1363320048A126 /* libopencv_imgproc.4.7.0.dylib */; };
		E083573C2A1363320048A126 /* libopencv_fuzzy.4.7.0.dylib in Frameworks */ = {isa = PBXBuildFile; fileRef = E08356BE2A1363320048A126 /* libopencv_fuzzy.4.7.0.dylib */; };
		E083573D2A1363320048A126 /* libopencv_img_hash.a in Frameworks */ = {isa = PBXBuildFile; fileRef = E08356BF2A1363320048A126 /* libopencv_img_hash.a */; };
		E083573E2A1363320048A126 /* libopencv_phase_unwrapping.4.7.0.dylib in Frameworks */ = {isa = PBXBuildFile; fileRef = E08356C02A1363320048A126 /* libopencv_phase_unwrapping.4.7.0.dylib */; };
		E083573F2A1363320048A126 /* libopencv_reg.4.7.0.dylib in Frameworks */ = {isa = PBXBuildFile; fileRef = E08356C12A1363320048A126 /* libopencv_reg.4.7.0.dylib */; };
		E08357402A1363320048A126 /* libopencv_imgcodecs.4.7.0.dylib in Frameworks */ = {isa = PBXBuildFile; fileRef = E08356C22A1363320048A126 /* libopencv_imgcodecs.4.7.0.dylib */; };
		E08357412A1363320048A126 /* libopencv_dnn.a in Frameworks */ = {isa = PBXBuildFile; fileRef = E08356C32A1363320048A126 /* libopencv_dnn.a */; };
		E08357422A1363320048A126 /* libopencv_core.a in Frameworks */ = {isa = PBXBuildFile; fileRef = E08356C42A1363320048A126 /* libopencv_core.a */; };
		E08357432A1363320048A126 /* libopencv_rgbd.a in Frameworks */ = {isa = PBXBuildFile; fileRef = E08356C52A1363320048A126 /* libopencv_rgbd.a */; };
		E08357442A1363320048A126 /* libopencv_plot.a in Frameworks */ = {isa = PBXBuildFile; fileRef = E08356C62A1363320048A126 /* libopencv_plot.a */; };
		E08357452A1363320048A126 /* libopencv_flann.4.7.0.dylib in Frameworks */ = {isa = PBXBuildFile; fileRef = E08356C72A1363320048A126 /* libopencv_flann.4.7.0.dylib */; };
		E08357462A1363320048A126 /* libopencv_freetype.a in Frameworks */ = {isa = PBXBuildFile; fileRef = E08356C82A1363320048A126 /* libopencv_freetype.a */; };
		E08357472A1363320048A126 /* libopencv_dnn_objdetect.4.7.0.dylib in Frameworks */ = {isa = PBXBuildFile; fileRef = E08356C92A1363320048A126 /* libopencv_dnn_objdetect.4.7.0.dylib */; };
		E08357482A1363320048A126 /* libopencv_imgcodecs.a in Frameworks */ = {isa = PBXBuildFile; fileRef = E08356CA2A1363320048A126 /* libopencv_imgcodecs.a */; };
		E08357492A1363320048A126 /* libopencv_highgui.a in Frameworks */ = {isa = PBXBuildFile; fileRef = E08356CB2A1363320048A126 /* libopencv_highgui.a */; };
		E083574A2A1363320048A126 /* libopencv_fuzzy.a in Frameworks */ = {isa = PBXBuildFile; fileRef = E08356CC2A1363320048A126 /* libopencv_fuzzy.a */; };
		E083574B2A1363320048A126 /* libopencv_wechat_qrcode.4.7.0.dylib in Frameworks */ = {isa = PBXBuildFile; fileRef = E08356CD2A1363320048A126 /* libopencv_wechat_qrcode.4.7.0.dylib */; };
		E083574C2A1363320048A126 /* libopencv_features2d.4.7.0.dylib in Frameworks */ = {isa = PBXBuildFile; fileRef = E08356CE2A1363320048A126 /* libopencv_features2d.4.7.0.dylib */; };
		E083574D2A1363320048A126 /* libopencv_structured_light.a in Frameworks */ = {isa = PBXBuildFile; fileRef = E08356CF2A1363320048A126 /* libopencv_structured_light.a */; };
		E083574E2A1363320048A126 /* libopencv_video.a in Frameworks */ = {isa = PBXBuildFile; fileRef = E08356D02A1363320048A126 /* libopencv_video.a */; };
		E083574F2A1363320048A126 /* libopencv_mcc.a in Frameworks */ = {isa = PBXBuildFile; fileRef = E08356D12A1363320048A126 /* libopencv_mcc.a */; };
		E08357502A1363320048A126 /* libopencv_dpm.4.7.0.dylib in Frameworks */ = {isa = PBXBuildFile; fileRef = E08356D22A1363320048A126 /* libopencv_dpm.4.7.0.dylib */; };
		E08357512A1363320048A126 /* libnumeric.a in Frameworks */ = {isa = PBXBuildFile; fileRef = E08356D32A1363320048A126 /* libnumeric.a */; };
		E08357522A1363320048A126 /* libopencv_tracking.a in Frameworks */ = {isa = PBXBuildFile; fileRef = E08356D42A1363320048A126 /* libopencv_tracking.a */; };
		E08357532A1363320048A126 /* libopencv_superres.a in Frameworks */ = {isa = PBXBuildFile; fileRef = E08356D52A1363320048A126 /* libopencv_superres.a */; };
		E08357542A1363320048A126 /* libopencv_core.4.7.0.dylib in Frameworks */ = {isa = PBXBuildFile; fileRef = E08356D62A1363320048A126 /* libopencv_core.4.7.0.dylib */; };
		E08357552A1363320048A126 /* libopencv_rgbd.4.7.0.dylib in Frameworks */ = {isa = PBXBuildFile; fileRef = E08356D72A1363320048A126 /* libopencv_rgbd.4.7.0.dylib */; };
		E08357562A1363320048A126 /* libopencv_img_hash.4.7.0.dylib in Frameworks */ = {isa = PBXBuildFile; fileRef = E08356D82A1363320048A126 /* libopencv_img_hash.4.7.0.dylib */; };
		E08357572A1363320048A126 /* libopencv_reg.a in Frameworks */ = {isa = PBXBuildFile; fileRef = E08356D92A1363320048A126 /* libopencv_reg.a */; };
		E08357582A1363320048A126 /* libopencv_gapi.a in Frameworks */ = {isa = PBXBuildFile; fileRef = E08356DA2A1363320048A126 /* libopencv_gapi.a */; };
		E08357592A1363320048A126 /* libopencv_xobjdetect.a in Frameworks */ = {isa = PBXBuildFile; fileRef = E08356DB2A1363320048A126 /* libopencv_xobjdetect.a */; };
		E083575A2A1363320048A126 /* libopencv_text.a in Frameworks */ = {isa = PBXBuildFile; fileRef = E08356DC2A1363320048A126 /* libopencv_text.a */; };
		E083575B2A1363320048A126 /* libopencv_highgui.4.7.0.dylib in Frameworks */ = {isa = PBXBuildFile; fileRef = E08356DD2A1363320048A126 /* libopencv_highgui.4.7.0.dylib */; };
		E083575C2A1363320048A126 /* libopencv_mcc.4.7.0.dylib in Frameworks */ = {isa = PBXBuildFile; fileRef = E08356DE2A1363320048A126 /* libopencv_mcc.4.7.0.dylib */; };
		E083575D2A1363320048A126 /* libopencv_videoio.4.7.0.dylib in Frameworks */ = {isa = PBXBuildFile; fileRef = E08356DF2A1363320048A126 /* libopencv_videoio.4.7.0.dylib */; };
		E083575E2A1363320048A126 /* libopencv_ml.a in Frameworks */ = {isa = PBXBuildFile; fileRef = E08356E02A1363320048A126 /* libopencv_ml.a */; };
		E083575F2A1363320048A126 /* libopencv_ccalib.a in Frameworks */ = {isa = PBXBuildFile; fileRef = E08356E12A1363320048A126 /* libopencv_ccalib.a */; };
		E08357602A1363320048A126 /* libopencv_ml.4.7.0.dylib in Frameworks */ = {isa = PBXBuildFile; fileRef = E08356E22A1363320048A126 /* libopencv_ml.4.7.0.dylib */; };
		E08357612A1363320048A126 /* libopencv_rapid.a in Frameworks */ = {isa = PBXBuildFile; fileRef = E08356E32A1363320048A126 /* libopencv_rapid.a */; };
		E08357622A1363320048A126 /* libopencv_objdetect.a in Frameworks */ = {isa = PBXBuildFile; fileRef = E08356E42A1363320048A126 /* libopencv_objdetect.a */; };
		E08357632A1363320048A126 /* libmultiview.a in Frameworks */ = {isa = PBXBuildFile; fileRef = E08356E52A1363320048A126 /* libmultiview.a */; };
		E08357642A1363320048A126 /* libopencv_bgsegm.4.7.0.dylib in Frameworks */ = {isa = PBXBuildFile; fileRef = E08356E62A1363320048A126 /* libopencv_bgsegm.4.7.0.dylib */; };
		E08357652A1363320048A126 /* libopencv_stereo.a in Frameworks */ = {isa = PBXBuildFile; fileRef = E08356E72A1363320048A126 /* libopencv_stereo.a */; };
		E08357662A1363320048A126 /* libopencv_sfm.a in Frameworks */ = {isa = PBXBuildFile; fileRef = E08356E82A1363320048A126 /* libopencv_sfm.a */; };
		E08357672A1363320048A126 /* libopencv_gapi.4.7.0.dylib in Frameworks */ = {isa = PBXBuildFile; fileRef = E08356E92A1363320048A126 /* libopencv_gapi.4.7.0.dylib */; };
		E08357682A1363320048A126 /* libopencv_photo.4.7.0.dylib in Frameworks */ = {isa = PBXBuildFile; fileRef = E08356EA2A1363320048A126 /* libopencv_photo.4.7.0.dylib */; };
		E08357692A1363320048A126 /* libopencv_structured_light.4.7.0.dylib in Frameworks */ = {isa = PBXBuildFile; fileRef = E08356EB2A1363320048A126 /* libopencv_structured_light.4.7.0.dylib */; };
		E083576A2A1363320048A126 /* libopencv_ximgproc.4.7.0.dylib in Frameworks */ = {isa = PBXBuildFile; fileRef = E08356EC2A1363320048A126 /* libopencv_ximgproc.4.7.0.dylib */; };
		E083576B2A1363320048A126 /* libopencv_videostab.a in Frameworks */ = {isa = PBXBuildFile; fileRef = E08356ED2A1363320048A126 /* libopencv_videostab.a */; };
		E083576C2A1363320048A126 /* libopencv_stitching.4.7.0.dylib in Frameworks */ = {isa = PBXBuildFile; fileRef = E08356EE2A1363320048A126 /* libopencv_stitching.4.7.0.dylib */; };
		E083576D2A1363320048A126 /* libopencv_aruco.a in Frameworks */ = {isa = PBXBuildFile; fileRef = E08356EF2A1363320048A126 /* libopencv_aruco.a */; };
		E083576E2A1363320048A126 /* libopencv_face.a in Frameworks */ = {isa = PBXBuildFile; fileRef = E08356F02A1363320048A126 /* libopencv_face.a */; };
		E083576F2A1363320048A126 /* libopencv_wechat_qrcode.a in Frameworks */ = {isa = PBXBuildFile; fileRef = E08356F12A1363320048A126 /* libopencv_wechat_qrcode.a */; };
		E08357702A1363320048A126 /* libopencv_alphamat.a in Frameworks */ = {isa = PBXBuildFile; fileRef = E08356F22A1363320048A126 /* libopencv_alphamat.a */; };
		E08357712A1363320048A126 /* libopencv_stitching.a in Frameworks */ = {isa = PBXBuildFile; fileRef = E08356F32A1363320048A126 /* libopencv_stitching.a */; };
		E08357722A1363320048A126 /* libopencv_phase_unwrapping.a in Frameworks */ = {isa = PBXBuildFile; fileRef = E08356F42A1363320048A126 /* libopencv_phase_unwrapping.a */; };
		E08357732A1363320048A126 /* libopencv_plot.4.7.0.dylib in Frameworks */ = {isa = PBXBuildFile; fileRef = E08356F52A1363320048A126 /* libopencv_plot.4.7.0.dylib */; };
		E08357742A1363320048A126 /* libopencv_xfeatures2d.a in Frameworks */ = {isa = PBXBuildFile; fileRef = E08356F62A1363320048A126 /* libopencv_xfeatures2d.a */; };
		E08357752A1363320048A126 /* libopencv_ximgproc.a in Frameworks */ = {isa = PBXBuildFile; fileRef = E08356F72A1363320048A126 /* libopencv_ximgproc.a */; };
		E08357762A1363320048A126 /* libopencv_intensity_transform.4.7.0.dylib in Frameworks */ = {isa = PBXBuildFile; fileRef = E08356F82A1363320048A126 /* libopencv_intensity_transform.4.7.0.dylib */; };
		E08357772A1363320048A126 /* libopencv_freetype.4.7.0.dylib in Frameworks */ = {isa = PBXBuildFile; fileRef = E08356F92A1363320048A126 /* libopencv_freetype.4.7.0.dylib */; };
		E08357782A1363320048A126 /* libade.a in Frameworks */ = {isa = PBXBuildFile; fileRef = E08356FA2A1363320048A126 /* libade.a */; };
		E08357792A1363320048A126 /* libopencv_shape.a in Frameworks */ = {isa = PBXBuildFile; fileRef = E08356FB2A1363320048A126 /* libopencv_shape.a */; };
		E083577A2A1363320048A126 /* libopencv_dnn_superres.a in Frameworks */ = {isa = PBXBuildFile; fileRef = E08356FC2A1363320048A126 /* libopencv_dnn_superres.a */; };
		E083577B2A1363320048A126 /* libopencv_superres.4.7.0.dylib in Frameworks */ = {isa = PBXBuildFile; fileRef = E08356FD2A1363320048A126 /* libopencv_superres.4.7.0.dylib */; };
		E083577C2A1363320048A126 /* libopencv_video.4.7.0.dylib in Frameworks */ = {isa = PBXBuildFile; fileRef = E08356FE2A1363320048A126 /* libopencv_video.4.7.0.dylib */; };
		E083577D2A1363320048A126 /* libopencv_xfeatures2d.4.7.0.dylib in Frameworks */ = {isa = PBXBuildFile; fileRef = E08356FF2A1363320048A126 /* libopencv_xfeatures2d.4.7.0.dylib */; };
		E083577E2A1363320048A126 /* libopencv_alphamat.4.7.0.dylib in Frameworks */ = {isa = PBXBuildFile; fileRef = E08357002A1363320048A126 /* libopencv_alphamat.4.7.0.dylib */; };
		E083577F2A1363320048A126 /* libopencv_line_descriptor.a in Frameworks */ = {isa = PBXBuildFile; fileRef = E08357012A1363320048A126 /* libopencv_line_descriptor.a */; };
		E08357802A1363320048A126 /* libopencv_stereo.4.7.0.dylib in Frameworks */ = {isa = PBXBuildFile; fileRef = E08357022A1363320048A126 /* libopencv_stereo.4.7.0.dylib */; };
		E08357812A1363320048A126 /* libopencv_dpm.a in Frameworks */ = {isa = PBXBuildFile; fileRef = E08357032A1363320048A126 /* libopencv_dpm.a */; };
		E08357822A1363320048A126 /* libopencv_flann.a in Frameworks */ = {isa = PBXBuildFile; fileRef = E08357042A1363320048A126 /* libopencv_flann.a */; };
		E08357832A1363320048A126 /* libopencv_face.4.7.0.dylib in Frameworks */ = {isa = PBXBuildFile; fileRef = E08357052A1363320048A126 /* libopencv_face.4.7.0.dylib */; };
		E08357842A1363320048A126 /* libopencv_hfs.4.7.0.dylib in Frameworks */ = {isa = PBXBuildFile; fileRef = E08357062A1363320048A126 /* libopencv_hfs.4.7.0.dylib */; };
		E08357852A1363320048A126 /* libopencv_viz.4.7.0.dylib in Frameworks */ = {isa = PBXBuildFile; fileRef = E08357072A1363320048A126 /* libopencv_viz.4.7.0.dylib */; };
		E08357862A1363320048A126 /* libopencv_intensity_transform.a in Frameworks */ = {isa = PBXBuildFile; fileRef = E08357082A1363320048A126 /* libopencv_intensity_transform.a */; };
		E08357872A1363320048A126 /* libopencv_aruco.4.7.0.dylib in Frameworks */ = {isa = PBXBuildFile; fileRef = E08357092A1363320048A126 /* libopencv_aruco.4.7.0.dylib */; };
		E08357882A1363320048A126 /* libopencv_datasets.4.7.0.dylib in Frameworks */ = {isa = PBXBuildFile; fileRef = E083570A2A1363320048A126 /* libopencv_datasets.4.7.0.dylib */; };
		E08357892A1363320048A126 /* libopencv_line_descriptor.4.7.0.dylib in Frameworks */ = {isa = PBXBuildFile; fileRef = E083570B2A1363320048A126 /* libopencv_line_descriptor.4.7.0.dylib */; };
		E083578A2A1363320048A126 /* libittnotify.a in Frameworks */ = {isa = PBXBuildFile; fileRef = E083570C2A1363320048A126 /* libittnotify.a */; };
		E083578B2A1363320048A126 /* libopencv_hfs.a in Frameworks */ = {isa = PBXBuildFile; fileRef = E083570D2A1363320048A126 /* libopencv_hfs.a */; };
		E083578C2A1363320048A126 /* libopencv_bioinspired.a in Frameworks */ = {isa = PBXBuildFile; fileRef = E083570E2A1363320048A126 /* libopencv_bioinspired.a */; };
		E083578D2A1363320048A126 /* libtegra_hal.a in Frameworks */ = {isa = PBXBuildFile; fileRef = E083570F2A1363320048A126 /* libtegra_hal.a */; };
		E083578E2A1363320048A126 /* libopencv_surface_matching.4.7.0.dylib in Frameworks */ = {isa = PBXBuildFile; fileRef = E08357102A1363320048A126 /* libopencv_surface_matching.4.7.0.dylib */; };
		E083578F2A1363320048A126 /* libopencv_imgproc.a in Frameworks */ = {isa = PBXBuildFile; fileRef = E08357112A1363320048A126 /* libopencv_imgproc.a */; };
		E08357902A1363320048A126 /* libopencv_videostab.4.7.0.dylib in Frameworks */ = {isa = PBXBuildFile; fileRef = E08357122A1363320048A126 /* libopencv_videostab.4.7.0.dylib */; };
		E08357912A1363320048A126 /* libcorrespondence.a in Frameworks */ = {isa = PBXBuildFile; fileRef = E08357152A1363320048A126 /* libcorrespondence.a */; };
		E08357922A1363320048A126 /* libsimple_pipeline.a in Frameworks */ = {isa = PBXBuildFile; fileRef = E08357162A1363320048A126 /* libsimple_pipeline.a */; };
		E08357932A1363320048A126 /* libnumeric.a in Frameworks */ = {isa = PBXBuildFile; fileRef = E08357172A1363320048A126 /* libnumeric.a */; };
		E08357942A1363320048A126 /* libmultiview.a in Frameworks */ = {isa = PBXBuildFile; fileRef = E08357182A1363320048A126 /* libmultiview.a */; };
		E08357952A1363330048A126 /* libopencv_shape.4.7.0.dylib in Frameworks */ = {isa = PBXBuildFile; fileRef = E08357192A1363320048A126 /* libopencv_shape.4.7.0.dylib */; };
		E08357962A1363330048A126 /* libopencv_quality.4.7.0.dylib in Frameworks */ = {isa = PBXBuildFile; fileRef = E083571A2A1363320048A126 /* libopencv_quality.4.7.0.dylib */; };
		E08357972A1363330048A126 /* libopencv_bioinspired.4.7.0.dylib in Frameworks */ = {isa = PBXBuildFile; fileRef = E083571B2A1363320048A126 /* libopencv_bioinspired.4.7.0.dylib */; };
		E08357982A1363330048A126 /* libopencv_optflow.a in Frameworks */ = {isa = PBXBuildFile; fileRef = E083571C2A1363320048A126 /* libopencv_optflow.a */; };
		E08357992A1363330048A126 /* libopencv_saliency.4.7.0.dylib in Frameworks */ = {isa = PBXBuildFile; fileRef = E083571D2A1363320048A126 /* libopencv_saliency.4.7.0.dylib */; };
		E08C4FBA29DEB536009F4488 /* Eleventh.cpp in Sources */ = {isa = PBXBuildFile; fileRef = E08C4FB829DEB536009F4488 /* Eleventh.cpp */; };
		E08DF7F72A1384690050E123 /* Thirteenth.cpp in Sources */ = {isa = PBXBuildFile; fileRef = E08DF7F62A1384690050E123 /* Thirteenth.cpp */; };
		E09C164029DABD4E00AF3EF4 /* NinthClass.cpp in Sources */ = {isa = PBXBuildFile; fileRef = E09C155329DAB3F900AF3EF4 /* NinthClass.cpp */; };
		E09C164129DABD5300AF3EF4 /* Tenth.cpp in Sources */ = {isa = PBXBuildFile; fileRef = E09C155529DAB3F900AF3EF4 /* Tenth.cpp */; };
		E09C164229DABD6100AF3EF4 /* TestSpace.cpp in Sources */ = {isa = PBXBuildFile; fileRef = E09C154F29DAB3E600AF3EF4 /* TestSpace.cpp */; };
		E0EEDE432A064EDD00964ABC /* TwelfthClass.cpp in Sources */ = {isa = PBXBuildFile; fileRef = E0EEDE412A064EDD00964ABC /* TwelfthClass.cpp */; };
/* End PBXBuildFile section */

/* Begin PBXCopyFilesBuildPhase section */
		7590A61723A0DDB3009DD837 /* CopyFiles */ = {
			isa = PBXCopyFilesBuildPhase;
			buildActionMask = 2147483647;
			dstPath = /usr/share/man/man1;
			dstSubfolderSpec = 0;
			files = (
			);
			runOnlyForDeploymentPostprocessing = 1;
		};
/* End PBXCopyFilesBuildPhase section */

/* Begin PBXFileReference section */
		7516B617242CB3A90060C7A4 /* SeventhClass.cpp */ = {isa = PBXFileReference; lastKnownFileType = sourcecode.cpp.cpp; path = SeventhClass.cpp; sourceTree = "<group>"; };
		7516B618242CB3A90060C7A4 /* SeventhClass.hpp */ = {isa = PBXFileReference; lastKnownFileType = sourcecode.cpp.h; path = SeventhClass.hpp; sourceTree = "<group>"; };
		7516B61A242CB3BC0060C7A4 /* EighthClass.cpp */ = {isa = PBXFileReference; lastKnownFileType = sourcecode.cpp.cpp; path = EighthClass.cpp; sourceTree = "<group>"; };
		7516B61B242CB3BC0060C7A4 /* EighthClass.hpp */ = {isa = PBXFileReference; lastKnownFileType = sourcecode.cpp.h; path = EighthClass.hpp; sourceTree = "<group>"; };
		7554DCAB23A882AB00B55DC2 /* ThirdClass.cpp */ = {isa = PBXFileReference; lastKnownFileType = sourcecode.cpp.cpp; path = ThirdClass.cpp; sourceTree = "<group>"; };
		7554DCAC23A882AB00B55DC2 /* ThirdClass.hpp */ = {isa = PBXFileReference; lastKnownFileType = sourcecode.cpp.h; path = ThirdClass.hpp; sourceTree = "<group>"; };
		755A14FD23A362280077C1CC /* HUOpenCV4.entitlements */ = {isa = PBXFileReference; lastKnownFileType = text.plist.entitlements; path = HUOpenCV4.entitlements; sourceTree = "<group>"; };
		7590A61923A0DDB3009DD837 /* HUOpenCV4 */ = {isa = PBXFileReference; explicitFileType = "compiled.mach-o.executable"; includeInIndex = 0; path = HUOpenCV4; sourceTree = BUILT_PRODUCTS_DIR; };
		7590A61C23A0DDB3009DD837 /* main.cpp */ = {isa = PBXFileReference; lastKnownFileType = sourcecode.cpp.cpp; path = main.cpp; sourceTree = "<group>"; };
		75A9980723A36DC100AEA9A2 /* SecondClass.cpp */ = {isa = PBXFileReference; lastKnownFileType = sourcecode.cpp.cpp; path = SecondClass.cpp; sourceTree = "<group>"; };
		75A9980823A36DC100AEA9A2 /* SecondClass.hpp */ = {isa = PBXFileReference; lastKnownFileType = sourcecode.cpp.h; path = SecondClass.hpp; sourceTree = "<group>"; };
		75C7611123D5A93F00276CB9 /* FifthClass.cpp */ = {isa = PBXFileReference; lastKnownFileType = sourcecode.cpp.cpp; path = FifthClass.cpp; sourceTree = "<group>"; };
		75C7611223D5A93F00276CB9 /* FifthClass.hpp */ = {isa = PBXFileReference; lastKnownFileType = sourcecode.cpp.h; path = FifthClass.hpp; sourceTree = "<group>"; };
		75DDD5D62421F2EB0048C4E1 /* SixthClass.cpp */ = {isa = PBXFileReference; lastKnownFileType = sourcecode.cpp.cpp; path = SixthClass.cpp; sourceTree = "<group>"; };
		75DDD5D72421F2EB0048C4E1 /* SixthClass.hpp */ = {isa = PBXFileReference; lastKnownFileType = sourcecode.cpp.h; path = SixthClass.hpp; sourceTree = "<group>"; };
		8525CC0B23A66B150066EF26 /* Info.plist */ = {isa = PBXFileReference; lastKnownFileType = text.plist.xml; path = Info.plist; sourceTree = "<group>"; };
		85B5485423AA7928002ACCFA /* FourthClass.cpp */ = {isa = PBXFileReference; lastKnownFileType = sourcecode.cpp.cpp; path = FourthClass.cpp; sourceTree = "<group>"; };
		85B5485523AA7928002ACCFA /* FourthClass.hpp */ = {isa = PBXFileReference; lastKnownFileType = sourcecode.cpp.h; path = FourthClass.hpp; sourceTree = "<group>"; };
		E083569E2A1363320048A126 /* libopencv_saliency.a */ = {isa = PBXFileReference; lastKnownFileType = archive.ar; path = libopencv_saliency.a; sourceTree = "<group>"; };
		E083569F2A1363320048A126 /* libopencv_photo.a */ = {isa = PBXFileReference; lastKnownFileType = archive.ar; path = libopencv_photo.a; sourceTree = "<group>"; };
		E08356A02A1363320048A126 /* libopencv_bgsegm.a */ = {isa = PBXFileReference; lastKnownFileType = archive.ar; path = libopencv_bgsegm.a; sourceTree = "<group>"; };
		E08356A12A1363320048A126 /* libopencv_sfm.4.7.0.dylib */ = {isa = PBXFileReference; lastKnownFileType = "compiled.mach-o.dylib"; path = libopencv_sfm.4.7.0.dylib; sourceTree = "<group>"; };
		E08356A22A1363320048A126 /* libopencv_videoio.a */ = {isa = PBXFileReference; lastKnownFileType = archive.ar; path = libopencv_videoio.a; sourceTree = "<group>"; };
		E08356A32A1363320048A126 /* libopencv_dnn_superres.4.7.0.dylib */ = {isa = PBXFileReference; lastKnownFileType = "compiled.mach-o.dylib"; path = libopencv_dnn_superres.4.7.0.dylib; sourceTree = "<group>"; };
		E08356A42A1363320048A126 /* libcorrespondence.a */ = {isa = PBXFileReference; lastKnownFileType = archive.ar; path = libcorrespondence.a; sourceTree = "<group>"; };
		E08356A52A1363320048A126 /* libopencv_quality.a */ = {isa = PBXFileReference; lastKnownFileType = archive.ar; path = libopencv_quality.a; sourceTree = "<group>"; };
		E08356A62A1363320048A126 /* libopencv_barcode.a */ = {isa = PBXFileReference; lastKnownFileType = archive.ar; path = libopencv_barcode.a; sourceTree = "<group>"; };
		E08356A72A1363320048A126 /* libopencv_surface_matching.a */ = {isa = PBXFileReference; lastKnownFileType = archive.ar; path = libopencv_surface_matching.a; sourceTree = "<group>"; };
		E08356A82A1363320048A126 /* libsimple_pipeline.a */ = {isa = PBXFileReference; lastKnownFileType = archive.ar; path = libsimple_pipeline.a; sourceTree = "<group>"; };
		E08356A92A1363320048A126 /* libopencv_datasets.a */ = {isa = PBXFileReference; lastKnownFileType = archive.ar; path = libopencv_datasets.a; sourceTree = "<group>"; };
		E08356AA2A1363320048A126 /* libopencv_calib3d.4.7.0.dylib */ = {isa = PBXFileReference; lastKnownFileType = "compiled.mach-o.dylib"; path = libopencv_calib3d.4.7.0.dylib; sourceTree = "<group>"; };
		E08356AC2A1363320048A126 /* opencv4.pc */ = {isa = PBXFileReference; fileEncoding = 4; lastKnownFileType = text; path = opencv4.pc; sourceTree = "<group>"; };
		E08356AD2A1363320048A126 /* libopencv_tracking.4.7.0.dylib */ = {isa = PBXFileReference; lastKnownFileType = "compiled.mach-o.dylib"; path = libopencv_tracking.4.7.0.dylib; sourceTree = "<group>"; };
		E08356AE2A1363320048A126 /* libopencv_xobjdetect.4.7.0.dylib */ = {isa = PBXFileReference; lastKnownFileType = "compiled.mach-o.dylib"; path = libopencv_xobjdetect.4.7.0.dylib; sourceTree = "<group>"; };
		E08356AF2A1363320048A126 /* libopencv_dnn_objdetect.a */ = {isa = PBXFileReference; lastKnownFileType = archive.ar; path = libopencv_dnn_objdetect.a; sourceTree = "<group>"; };
		E08356B02A1363320048A126 /* libopencv_text.4.7.0.dylib */ = {isa = PBXFileReference; lastKnownFileType = "compiled.mach-o.dylib"; path = libopencv_text.4.7.0.dylib; sourceTree = "<group>"; };
		E08356B12A1363320048A126 /* libopencv_rapid.4.7.0.dylib */ = {isa = PBXFileReference; lastKnownFileType = "compiled.mach-o.dylib"; path = libopencv_rapid.4.7.0.dylib; sourceTree = "<group>"; };
		E08356B22A1363320048A126 /* libopencv_dnn.4.7.0.dylib */ = {isa = PBXFileReference; lastKnownFileType = "compiled.mach-o.dylib"; path = libopencv_dnn.4.7.0.dylib; sourceTree = "<group>"; };
		E08356B32A1363320048A126 /* libopencv_ccalib.4.7.0.dylib */ = {isa = PBXFileReference; lastKnownFileType = "compiled.mach-o.dylib"; path = libopencv_ccalib.4.7.0.dylib; sourceTree = "<group>"; };
		E08356B42A1363320048A126 /* libopencv_viz.a */ = {isa = PBXFileReference; lastKnownFileType = archive.ar; path = libopencv_viz.a; sourceTree = "<group>"; };
		E08356B52A1363320048A126 /* libopencv_calib3d.a */ = {isa = PBXFileReference; lastKnownFileType = archive.ar; path = libopencv_calib3d.a; sourceTree = "<group>"; };
		E08356B62A1363320048A126 /* libopencv_xphoto.4.7.0.dylib */ = {isa = PBXFileReference; lastKnownFileType = "compiled.mach-o.dylib"; path = libopencv_xphoto.4.7.0.dylib; sourceTree = "<group>"; };
		E08356B72A1363320048A126 /* libopencv_xphoto.a */ = {isa = PBXFileReference; lastKnownFileType = archive.ar; path = libopencv_xphoto.a; sourceTree = "<group>"; };
		E08356B82A1363320048A126 /* libquirc.a */ = {isa = PBXFileReference; lastKnownFileType = archive.ar; path = libquirc.a; sourceTree = "<group>"; };
		E08356B92A1363320048A126 /* libopencv_objdetect.4.7.0.dylib */ = {isa = PBXFileReference; lastKnownFileType = "compiled.mach-o.dylib"; path = libopencv_objdetect.4.7.0.dylib; sourceTree = "<group>"; };
		E08356BA2A1363320048A126 /* libopencv_features2d.a */ = {isa = PBXFileReference; lastKnownFileType = archive.ar; path = libopencv_features2d.a; sourceTree = "<group>"; };
		E08356BB2A1363320048A126 /* libopencv_optflow.4.7.0.dylib */ = {isa = PBXFileReference; lastKnownFileType = "compiled.mach-o.dylib"; path = libopencv_optflow.4.7.0.dylib; sourceTree = "<group>"; };
		E08356BC2A1363320048A126 /* libopencv_barcode.4.7.0.dylib */ = {isa = PBXFileReference; lastKnownFileType = "compiled.mach-o.dylib"; path = libopencv_barcode.4.7.0.dylib; sourceTree = "<group>"; };
		E08356BD2A1363320048A126 /* libopencv_imgproc.4.7.0.dylib */ = {isa = PBXFileReference; lastKnownFileType = "compiled.mach-o.dylib"; path = libopencv_imgproc.4.7.0.dylib; sourceTree = "<group>"; };
		E08356BE2A1363320048A126 /* libopencv_fuzzy.4.7.0.dylib */ = {isa = PBXFileReference; lastKnownFileType = "compiled.mach-o.dylib"; path = libopencv_fuzzy.4.7.0.dylib; sourceTree = "<group>"; };
		E08356BF2A1363320048A126 /* libopencv_img_hash.a */ = {isa = PBXFileReference; lastKnownFileType = archive.ar; path = libopencv_img_hash.a; sourceTree = "<group>"; };
		E08356C02A1363320048A126 /* libopencv_phase_unwrapping.4.7.0.dylib */ = {isa = PBXFileReference; lastKnownFileType = "compiled.mach-o.dylib"; path = libopencv_phase_unwrapping.4.7.0.dylib; sourceTree = "<group>"; };
		E08356C12A1363320048A126 /* libopencv_reg.4.7.0.dylib */ = {isa = PBXFileReference; lastKnownFileType = "compiled.mach-o.dylib"; path = libopencv_reg.4.7.0.dylib; sourceTree = "<group>"; };
		E08356C22A1363320048A126 /* libopencv_imgcodecs.4.7.0.dylib */ = {isa = PBXFileReference; lastKnownFileType = "compiled.mach-o.dylib"; path = libopencv_imgcodecs.4.7.0.dylib; sourceTree = "<group>"; };
		E08356C32A1363320048A126 /* libopencv_dnn.a */ = {isa = PBXFileReference; lastKnownFileType = archive.ar; path = libopencv_dnn.a; sourceTree = "<group>"; };
		E08356C42A1363320048A126 /* libopencv_core.a */ = {isa = PBXFileReference; lastKnownFileType = archive.ar; path = libopencv_core.a; sourceTree = "<group>"; };
		E08356C52A1363320048A126 /* libopencv_rgbd.a */ = {isa = PBXFileReference; lastKnownFileType = archive.ar; path = libopencv_rgbd.a; sourceTree = "<group>"; };
		E08356C62A1363320048A126 /* libopencv_plot.a */ = {isa = PBXFileReference; lastKnownFileType = archive.ar; path = libopencv_plot.a; sourceTree = "<group>"; };
		E08356C72A1363320048A126 /* libopencv_flann.4.7.0.dylib */ = {isa = PBXFileReference; lastKnownFileType = "compiled.mach-o.dylib"; path = libopencv_flann.4.7.0.dylib; sourceTree = "<group>"; };
		E08356C82A1363320048A126 /* libopencv_freetype.a */ = {isa = PBXFileReference; lastKnownFileType = archive.ar; path = libopencv_freetype.a; sourceTree = "<group>"; };
		E08356C92A1363320048A126 /* libopencv_dnn_objdetect.4.7.0.dylib */ = {isa = PBXFileReference; lastKnownFileType = "compiled.mach-o.dylib"; path = libopencv_dnn_objdetect.4.7.0.dylib; sourceTree = "<group>"; };
		E08356CA2A1363320048A126 /* libopencv_imgcodecs.a */ = {isa = PBXFileReference; lastKnownFileType = archive.ar; path = libopencv_imgcodecs.a; sourceTree = "<group>"; };
		E08356CB2A1363320048A126 /* libopencv_highgui.a */ = {isa = PBXFileReference; lastKnownFileType = archive.ar; path = libopencv_highgui.a; sourceTree = "<group>"; };
		E08356CC2A1363320048A126 /* libopencv_fuzzy.a */ = {isa = PBXFileReference; lastKnownFileType = archive.ar; path = libopencv_fuzzy.a; sourceTree = "<group>"; };
		E08356CD2A1363320048A126 /* libopencv_wechat_qrcode.4.7.0.dylib */ = {isa = PBXFileReference; lastKnownFileType = "compiled.mach-o.dylib"; path = libopencv_wechat_qrcode.4.7.0.dylib; sourceTree = "<group>"; };
		E08356CE2A1363320048A126 /* libopencv_features2d.4.7.0.dylib */ = {isa = PBXFileReference; lastKnownFileType = "compiled.mach-o.dylib"; path = libopencv_features2d.4.7.0.dylib; sourceTree = "<group>"; };
		E08356CF2A1363320048A126 /* libopencv_structured_light.a */ = {isa = PBXFileReference; lastKnownFileType = archive.ar; path = libopencv_structured_light.a; sourceTree = "<group>"; };
		E08356D02A1363320048A126 /* libopencv_video.a */ = {isa = PBXFileReference; lastKnownFileType = archive.ar; path = libopencv_video.a; sourceTree = "<group>"; };
		E08356D12A1363320048A126 /* libopencv_mcc.a */ = {isa = PBXFileReference; lastKnownFileType = archive.ar; path = libopencv_mcc.a; sourceTree = "<group>"; };
		E08356D22A1363320048A126 /* libopencv_dpm.4.7.0.dylib */ = {isa = PBXFileReference; lastKnownFileType = "compiled.mach-o.dylib"; path = libopencv_dpm.4.7.0.dylib; sourceTree = "<group>"; };
		E08356D32A1363320048A126 /* libnumeric.a */ = {isa = PBXFileReference; lastKnownFileType = archive.ar; path = libnumeric.a; sourceTree = "<group>"; };
		E08356D42A1363320048A126 /* libopencv_tracking.a */ = {isa = PBXFileReference; lastKnownFileType = archive.ar; path = libopencv_tracking.a; sourceTree = "<group>"; };
		E08356D52A1363320048A126 /* libopencv_superres.a */ = {isa = PBXFileReference; lastKnownFileType = archive.ar; path = libopencv_superres.a; sourceTree = "<group>"; };
		E08356D62A1363320048A126 /* libopencv_core.4.7.0.dylib */ = {isa = PBXFileReference; lastKnownFileType = "compiled.mach-o.dylib"; path = libopencv_core.4.7.0.dylib; sourceTree = "<group>"; };
		E08356D72A1363320048A126 /* libopencv_rgbd.4.7.0.dylib */ = {isa = PBXFileReference; lastKnownFileType = "compiled.mach-o.dylib"; path = libopencv_rgbd.4.7.0.dylib; sourceTree = "<group>"; };
		E08356D82A1363320048A126 /* libopencv_img_hash.4.7.0.dylib */ = {isa = PBXFileReference; lastKnownFileType = "compiled.mach-o.dylib"; path = libopencv_img_hash.4.7.0.dylib; sourceTree = "<group>"; };
		E08356D92A1363320048A126 /* libopencv_reg.a */ = {isa = PBXFileReference; lastKnownFileType = archive.ar; path = libopencv_reg.a; sourceTree = "<group>"; };
		E08356DA2A1363320048A126 /* libopencv_gapi.a */ = {isa = PBXFileReference; lastKnownFileType = archive.ar; path = libopencv_gapi.a; sourceTree = "<group>"; };
		E08356DB2A1363320048A126 /* libopencv_xobjdetect.a */ = {isa = PBXFileReference; lastKnownFileType = archive.ar; path = libopencv_xobjdetect.a; sourceTree = "<group>"; };
		E08356DC2A1363320048A126 /* libopencv_text.a */ = {isa = PBXFileReference; lastKnownFileType = archive.ar; path = libopencv_text.a; sourceTree = "<group>"; };
		E08356DD2A1363320048A126 /* libopencv_highgui.4.7.0.dylib */ = {isa = PBXFileReference; lastKnownFileType = "compiled.mach-o.dylib"; path = libopencv_highgui.4.7.0.dylib; sourceTree = "<group>"; };
		E08356DE2A1363320048A126 /* libopencv_mcc.4.7.0.dylib */ = {isa = PBXFileReference; lastKnownFileType = "compiled.mach-o.dylib"; path = libopencv_mcc.4.7.0.dylib; sourceTree = "<group>"; };
		E08356DF2A1363320048A126 /* libopencv_videoio.4.7.0.dylib */ = {isa = PBXFileReference; lastKnownFileType = "compiled.mach-o.dylib"; path = libopencv_videoio.4.7.0.dylib; sourceTree = "<group>"; };
		E08356E02A1363320048A126 /* libopencv_ml.a */ = {isa = PBXFileReference; lastKnownFileType = archive.ar; path = libopencv_ml.a; sourceTree = "<group>"; };
		E08356E12A1363320048A126 /* libopencv_ccalib.a */ = {isa = PBXFileReference; lastKnownFileType = archive.ar; path = libopencv_ccalib.a; sourceTree = "<group>"; };
		E08356E22A1363320048A126 /* libopencv_ml.4.7.0.dylib */ = {isa = PBXFileReference; lastKnownFileType = "compiled.mach-o.dylib"; path = libopencv_ml.4.7.0.dylib; sourceTree = "<group>"; };
		E08356E32A1363320048A126 /* libopencv_rapid.a */ = {isa = PBXFileReference; lastKnownFileType = archive.ar; path = libopencv_rapid.a; sourceTree = "<group>"; };
		E08356E42A1363320048A126 /* libopencv_objdetect.a */ = {isa = PBXFileReference; lastKnownFileType = archive.ar; path = libopencv_objdetect.a; sourceTree = "<group>"; };
		E08356E52A1363320048A126 /* libmultiview.a */ = {isa = PBXFileReference; lastKnownFileType = archive.ar; path = libmultiview.a; sourceTree = "<group>"; };
		E08356E62A1363320048A126 /* libopencv_bgsegm.4.7.0.dylib */ = {isa = PBXFileReference; lastKnownFileType = "compiled.mach-o.dylib"; path = libopencv_bgsegm.4.7.0.dylib; sourceTree = "<group>"; };
		E08356E72A1363320048A126 /* libopencv_stereo.a */ = {isa = PBXFileReference; lastKnownFileType = archive.ar; path = libopencv_stereo.a; sourceTree = "<group>"; };
		E08356E82A1363320048A126 /* libopencv_sfm.a */ = {isa = PBXFileReference; lastKnownFileType = archive.ar; path = libopencv_sfm.a; sourceTree = "<group>"; };
		E08356E92A1363320048A126 /* libopencv_gapi.4.7.0.dylib */ = {isa = PBXFileReference; lastKnownFileType = "compiled.mach-o.dylib"; path = libopencv_gapi.4.7.0.dylib; sourceTree = "<group>"; };
		E08356EA2A1363320048A126 /* libopencv_photo.4.7.0.dylib */ = {isa = PBXFileReference; lastKnownFileType = "compiled.mach-o.dylib"; path = libopencv_photo.4.7.0.dylib; sourceTree = "<group>"; };
		E08356EB2A1363320048A126 /* libopencv_structured_light.4.7.0.dylib */ = {isa = PBXFileReference; lastKnownFileType = "compiled.mach-o.dylib"; path = libopencv_structured_light.4.7.0.dylib; sourceTree = "<group>"; };
		E08356EC2A1363320048A126 /* libopencv_ximgproc.4.7.0.dylib */ = {isa = PBXFileReference; lastKnownFileType = "compiled.mach-o.dylib"; path = libopencv_ximgproc.4.7.0.dylib; sourceTree = "<group>"; };
		E08356ED2A1363320048A126 /* libopencv_videostab.a */ = {isa = PBXFileReference; lastKnownFileType = archive.ar; path = libopencv_videostab.a; sourceTree = "<group>"; };
		E08356EE2A1363320048A126 /* libopencv_stitching.4.7.0.dylib */ = {isa = PBXFileReference; lastKnownFileType = "compiled.mach-o.dylib"; path = libopencv_stitching.4.7.0.dylib; sourceTree = "<group>"; };
		E08356EF2A1363320048A126 /* libopencv_aruco.a */ = {isa = PBXFileReference; lastKnownFileType = archive.ar; path = libopencv_aruco.a; sourceTree = "<group>"; };
		E08356F02A1363320048A126 /* libopencv_face.a */ = {isa = PBXFileReference; lastKnownFileType = archive.ar; path = libopencv_face.a; sourceTree = "<group>"; };
		E08356F12A1363320048A126 /* libopencv_wechat_qrcode.a */ = {isa = PBXFileReference; lastKnownFileType = archive.ar; path = libopencv_wechat_qrcode.a; sourceTree = "<group>"; };
		E08356F22A1363320048A126 /* libopencv_alphamat.a */ = {isa = PBXFileReference; lastKnownFileType = archive.ar; path = libopencv_alphamat.a; sourceTree = "<group>"; };
		E08356F32A1363320048A126 /* libopencv_stitching.a */ = {isa = PBXFileReference; lastKnownFileType = archive.ar; path = libopencv_stitching.a; sourceTree = "<group>"; };
		E08356F42A1363320048A126 /* libopencv_phase_unwrapping.a */ = {isa = PBXFileReference; lastKnownFileType = archive.ar; path = libopencv_phase_unwrapping.a; sourceTree = "<group>"; };
		E08356F52A1363320048A126 /* libopencv_plot.4.7.0.dylib */ = {isa = PBXFileReference; lastKnownFileType = "compiled.mach-o.dylib"; path = libopencv_plot.4.7.0.dylib; sourceTree = "<group>"; };
		E08356F62A1363320048A126 /* libopencv_xfeatures2d.a */ = {isa = PBXFileReference; lastKnownFileType = archive.ar; path = libopencv_xfeatures2d.a; sourceTree = "<group>"; };
		E08356F72A1363320048A126 /* libopencv_ximgproc.a */ = {isa = PBXFileReference; lastKnownFileType = archive.ar; path = libopencv_ximgproc.a; sourceTree = "<group>"; };
		E08356F82A1363320048A126 /* libopencv_intensity_transform.4.7.0.dylib */ = {isa = PBXFileReference; lastKnownFileType = "compiled.mach-o.dylib"; path = libopencv_intensity_transform.4.7.0.dylib; sourceTree = "<group>"; };
		E08356F92A1363320048A126 /* libopencv_freetype.4.7.0.dylib */ = {isa = PBXFileReference; lastKnownFileType = "compiled.mach-o.dylib"; path = libopencv_freetype.4.7.0.dylib; sourceTree = "<group>"; };
		E08356FA2A1363320048A126 /* libade.a */ = {isa = PBXFileReference; lastKnownFileType = archive.ar; path = libade.a; sourceTree = "<group>"; };
		E08356FB2A1363320048A126 /* libopencv_shape.a */ = {isa = PBXFileReference; lastKnownFileType = archive.ar; path = libopencv_shape.a; sourceTree = "<group>"; };
		E08356FC2A1363320048A126 /* libopencv_dnn_superres.a */ = {isa = PBXFileReference; lastKnownFileType = archive.ar; path = libopencv_dnn_superres.a; sourceTree = "<group>"; };
		E08356FD2A1363320048A126 /* libopencv_superres.4.7.0.dylib */ = {isa = PBXFileReference; lastKnownFileType = "compiled.mach-o.dylib"; path = libopencv_superres.4.7.0.dylib; sourceTree = "<group>"; };
		E08356FE2A1363320048A126 /* libopencv_video.4.7.0.dylib */ = {isa = PBXFileReference; lastKnownFileType = "compiled.mach-o.dylib"; path = libopencv_video.4.7.0.dylib; sourceTree = "<group>"; };
		E08356FF2A1363320048A126 /* libopencv_xfeatures2d.4.7.0.dylib */ = {isa = PBXFileReference; lastKnownFileType = "compiled.mach-o.dylib"; path = libopencv_xfeatures2d.4.7.0.dylib; sourceTree = "<group>"; };
		E08357002A1363320048A126 /* libopencv_alphamat.4.7.0.dylib */ = {isa = PBXFileReference; lastKnownFileType = "compiled.mach-o.dylib"; path = libopencv_alphamat.4.7.0.dylib; sourceTree = "<group>"; };
		E08357012A1363320048A126 /* libopencv_line_descriptor.a */ = {isa = PBXFileReference; lastKnownFileType = archive.ar; path = libopencv_line_descriptor.a; sourceTree = "<group>"; };
		E08357022A1363320048A126 /* libopencv_stereo.4.7.0.dylib */ = {isa = PBXFileReference; lastKnownFileType = "compiled.mach-o.dylib"; path = libopencv_stereo.4.7.0.dylib; sourceTree = "<group>"; };
		E08357032A1363320048A126 /* libopencv_dpm.a */ = {isa = PBXFileReference; lastKnownFileType = archive.ar; path = libopencv_dpm.a; sourceTree = "<group>"; };
		E08357042A1363320048A126 /* libopencv_flann.a */ = {isa = PBXFileReference; lastKnownFileType = archive.ar; path = libopencv_flann.a; sourceTree = "<group>"; };
		E08357052A1363320048A126 /* libopencv_face.4.7.0.dylib */ = {isa = PBXFileReference; lastKnownFileType = "compiled.mach-o.dylib"; path = libopencv_face.4.7.0.dylib; sourceTree = "<group>"; };
		E08357062A1363320048A126 /* libopencv_hfs.4.7.0.dylib */ = {isa = PBXFileReference; lastKnownFileType = "compiled.mach-o.dylib"; path = libopencv_hfs.4.7.0.dylib; sourceTree = "<group>"; };
		E08357072A1363320048A126 /* libopencv_viz.4.7.0.dylib */ = {isa = PBXFileReference; lastKnownFileType = "compiled.mach-o.dylib"; path = libopencv_viz.4.7.0.dylib; sourceTree = "<group>"; };
		E08357082A1363320048A126 /* libopencv_intensity_transform.a */ = {isa = PBXFileReference; lastKnownFileType = archive.ar; path = libopencv_intensity_transform.a; sourceTree = "<group>"; };
		E08357092A1363320048A126 /* libopencv_aruco.4.7.0.dylib */ = {isa = PBXFileReference; lastKnownFileType = "compiled.mach-o.dylib"; path = libopencv_aruco.4.7.0.dylib; sourceTree = "<group>"; };
		E083570A2A1363320048A126 /* libopencv_datasets.4.7.0.dylib */ = {isa = PBXFileReference; lastKnownFileType = "compiled.mach-o.dylib"; path = libopencv_datasets.4.7.0.dylib; sourceTree = "<group>"; };
		E083570B2A1363320048A126 /* libopencv_line_descriptor.4.7.0.dylib */ = {isa = PBXFileReference; lastKnownFileType = "compiled.mach-o.dylib"; path = libopencv_line_descriptor.4.7.0.dylib; sourceTree = "<group>"; };
		E083570C2A1363320048A126 /* libittnotify.a */ = {isa = PBXFileReference; lastKnownFileType = archive.ar; path = libittnotify.a; sourceTree = "<group>"; };
		E083570D2A1363320048A126 /* libopencv_hfs.a */ = {isa = PBXFileReference; lastKnownFileType = archive.ar; path = libopencv_hfs.a; sourceTree = "<group>"; };
		E083570E2A1363320048A126 /* libopencv_bioinspired.a */ = {isa = PBXFileReference; lastKnownFileType = archive.ar; path = libopencv_bioinspired.a; sourceTree = "<group>"; };
		E083570F2A1363320048A126 /* libtegra_hal.a */ = {isa = PBXFileReference; lastKnownFileType = archive.ar; path = libtegra_hal.a; sourceTree = "<group>"; };
		E08357102A1363320048A126 /* libopencv_surface_matching.4.7.0.dylib */ = {isa = PBXFileReference; lastKnownFileType = "compiled.mach-o.dylib"; path = libopencv_surface_matching.4.7.0.dylib; sourceTree = "<group>"; };
		E08357112A1363320048A126 /* libopencv_imgproc.a */ = {isa = PBXFileReference; lastKnownFileType = archive.ar; path = libopencv_imgproc.a; sourceTree = "<group>"; };
		E08357122A1363320048A126 /* libopencv_videostab.4.7.0.dylib */ = {isa = PBXFileReference; lastKnownFileType = "compiled.mach-o.dylib"; path = libopencv_videostab.4.7.0.dylib; sourceTree = "<group>"; };
		E08357152A1363320048A126 /* libcorrespondence.a */ = {isa = PBXFileReference; lastKnownFileType = archive.ar; path = libcorrespondence.a; sourceTree = "<group>"; };
		E08357162A1363320048A126 /* libsimple_pipeline.a */ = {isa = PBXFileReference; lastKnownFileType = archive.ar; path = libsimple_pipeline.a; sourceTree = "<group>"; };
		E08357172A1363320048A126 /* libnumeric.a */ = {isa = PBXFileReference; lastKnownFileType = archive.ar; path = libnumeric.a; sourceTree = "<group>"; };
		E08357182A1363320048A126 /* libmultiview.a */ = {isa = PBXFileReference; lastKnownFileType = archive.ar; path = libmultiview.a; sourceTree = "<group>"; };
		E08357192A1363320048A126 /* libopencv_shape.4.7.0.dylib */ = {isa = PBXFileReference; lastKnownFileType = "compiled.mach-o.dylib"; path = libopencv_shape.4.7.0.dylib; sourceTree = "<group>"; };
		E083571A2A1363320048A126 /* libopencv_quality.4.7.0.dylib */ = {isa = PBXFileReference; lastKnownFileType = "compiled.mach-o.dylib"; path = libopencv_quality.4.7.0.dylib; sourceTree = "<group>"; };
		E083571B2A1363320048A126 /* libopencv_bioinspired.4.7.0.dylib */ = {isa = PBXFileReference; lastKnownFileType = "compiled.mach-o.dylib"; path = libopencv_bioinspired.4.7.0.dylib; sourceTree = "<group>"; };
		E083571C2A1363320048A126 /* libopencv_optflow.a */ = {isa = PBXFileReference; lastKnownFileType = archive.ar; path = libopencv_optflow.a; sourceTree = "<group>"; };
		E083571D2A1363320048A126 /* libopencv_saliency.4.7.0.dylib */ = {isa = PBXFileReference; lastKnownFileType = "compiled.mach-o.dylib"; path = libopencv_saliency.4.7.0.dylib; sourceTree = "<group>"; };
		E08C4FB829DEB536009F4488 /* Eleventh.cpp */ = {isa = PBXFileReference; lastKnownFileType = sourcecode.cpp.cpp; path = Eleventh.cpp; sourceTree = "<group>"; };
		E08C4FB929DEB536009F4488 /* Eleventh.hpp */ = {isa = PBXFileReference; lastKnownFileType = sourcecode.cpp.h; path = Eleventh.hpp; sourceTree = "<group>"; };
		E08DF7F62A1384690050E123 /* Thirteenth.cpp */ = {isa = PBXFileReference; lastKnownFileType = sourcecode.cpp.cpp; path = Thirteenth.cpp; sourceTree = "<group>"; };
		E08DF7F82A1384CA0050E123 /* Thireteenth.hpp */ = {isa = PBXFileReference; lastKnownFileType = sourcecode.cpp.h; path = Thireteenth.hpp; sourceTree = "<group>"; };
		E09C154F29DAB3E600AF3EF4 /* TestSpace.cpp */ = {isa = PBXFileReference; lastKnownFileType = sourcecode.cpp.cpp; path = TestSpace.cpp; sourceTree = "<group>"; };
		E09C155029DAB3E600AF3EF4 /* TestSpace.hpp */ = {isa = PBXFileReference; lastKnownFileType = sourcecode.cpp.h; path = TestSpace.hpp; sourceTree = "<group>"; };
		E09C155229DAB3F900AF3EF4 /* NinthClass.hpp */ = {isa = PBXFileReference; lastKnownFileType = sourcecode.cpp.h; path = NinthClass.hpp; sourceTree = "<group>"; };
		E09C155329DAB3F900AF3EF4 /* NinthClass.cpp */ = {isa = PBXFileReference; lastKnownFileType = sourcecode.cpp.cpp; path = NinthClass.cpp; sourceTree = "<group>"; };
		E09C155529DAB3F900AF3EF4 /* Tenth.cpp */ = {isa = PBXFileReference; lastKnownFileType = sourcecode.cpp.cpp; path = Tenth.cpp; sourceTree = "<group>"; };
		E09C155629DAB3F900AF3EF4 /* Tenth.hpp */ = {isa = PBXFileReference; lastKnownFileType = sourcecode.cpp.h; path = Tenth.hpp; sourceTree = "<group>"; };
		E0EEDE412A064EDD00964ABC /* TwelfthClass.cpp */ = {isa = PBXFileReference; lastKnownFileType = sourcecode.cpp.cpp; path = TwelfthClass.cpp; sourceTree = "<group>"; };
		E0EEDE422A064EDD00964ABC /* TwelfthClass.hpp */ = {isa = PBXFileReference; lastKnownFileType = sourcecode.cpp.h; path = TwelfthClass.hpp; sourceTree = "<group>"; };
/* End PBXFileReference section */

/* Begin PBXFrameworksBuildPhase section */
		7590A61623A0DDB3009DD837 /* Frameworks */ = {
			isa = PBXFrameworksBuildPhase;
			buildActionMask = 2147483647;
			files = (
				E08357222A1363320048A126 /* libopencv_videoio.a in Frameworks */,
				E08357672A1363320048A126 /* libopencv_gapi.4.7.0.dylib in Frameworks */,
				E08357272A1363320048A126 /* libopencv_surface_matching.a in Frameworks */,
				E08357912A1363320048A126 /* libcorrespondence.a in Frameworks */,
				E083575B2A1363320048A126 /* libopencv_highgui.4.7.0.dylib in Frameworks */,
				E083577C2A1363320048A126 /* libopencv_video.4.7.0.dylib in Frameworks */,
				E08357442A1363320048A126 /* libopencv_plot.a in Frameworks */,
				E08357652A1363320048A126 /* libopencv_stereo.a in Frameworks */,
				E08357402A1363320048A126 /* libopencv_imgcodecs.4.7.0.dylib in Frameworks */,
				E083571E2A1363320048A126 /* libopencv_saliency.a in Frameworks */,
				E083576C2A1363320048A126 /* libopencv_stitching.4.7.0.dylib in Frameworks */,
				E08357862A1363320048A126 /* libopencv_intensity_transform.a in Frameworks */,
				E08357952A1363330048A126 /* libopencv_shape.4.7.0.dylib in Frameworks */,
				E083576B2A1363320048A126 /* libopencv_videostab.a in Frameworks */,
				E083575E2A1363320048A126 /* libopencv_ml.a in Frameworks */,
				E08357842A1363320048A126 /* libopencv_hfs.4.7.0.dylib in Frameworks */,
				E08357702A1363320048A126 /* libopencv_alphamat.a in Frameworks */,
				E08357372A1363320048A126 /* libopencv_objdetect.4.7.0.dylib in Frameworks */,
				E08357562A1363320048A126 /* libopencv_img_hash.4.7.0.dylib in Frameworks */,
				E083573D2A1363320048A126 /* libopencv_img_hash.a in Frameworks */,
				E08357232A1363320048A126 /* libopencv_dnn_superres.4.7.0.dylib in Frameworks */,
				E08357572A1363320048A126 /* libopencv_reg.a in Frameworks */,
				E083574D2A1363320048A126 /* libopencv_structured_light.a in Frameworks */,
				E083576A2A1363320048A126 /* libopencv_ximgproc.4.7.0.dylib in Frameworks */,
				E08357352A1363320048A126 /* libopencv_xphoto.a in Frameworks */,
				E08357342A1363320048A126 /* libopencv_xphoto.4.7.0.dylib in Frameworks */,
				E08357262A1363320048A126 /* libopencv_barcode.a in Frameworks */,
				E08357502A1363320048A126 /* libopencv_dpm.4.7.0.dylib in Frameworks */,
				E08357802A1363320048A126 /* libopencv_stereo.4.7.0.dylib in Frameworks */,
				E083578D2A1363320048A126 /* libtegra_hal.a in Frameworks */,
				E08357512A1363320048A126 /* libnumeric.a in Frameworks */,
				E083572C2A1363320048A126 /* libopencv_xobjdetect.4.7.0.dylib in Frameworks */,
				E08357492A1363320048A126 /* libopencv_highgui.a in Frameworks */,
				E08357782A1363320048A126 /* libade.a in Frameworks */,
				E08357462A1363320048A126 /* libopencv_freetype.a in Frameworks */,
				E083575D2A1363320048A126 /* libopencv_videoio.4.7.0.dylib in Frameworks */,
				E083576D2A1363320048A126 /* libopencv_aruco.a in Frameworks */,
				E08357552A1363320048A126 /* libopencv_rgbd.4.7.0.dylib in Frameworks */,
				E08357992A1363330048A126 /* libopencv_saliency.4.7.0.dylib in Frameworks */,
				E08357822A1363320048A126 /* libopencv_flann.a in Frameworks */,
				E08357712A1363320048A126 /* libopencv_stitching.a in Frameworks */,
				E08357742A1363320048A126 /* libopencv_xfeatures2d.a in Frameworks */,
				E08357972A1363330048A126 /* libopencv_bioinspired.4.7.0.dylib in Frameworks */,
				E08357312A1363320048A126 /* libopencv_ccalib.4.7.0.dylib in Frameworks */,
				E083575F2A1363320048A126 /* libopencv_ccalib.a in Frameworks */,
				E083574C2A1363320048A126 /* libopencv_features2d.4.7.0.dylib in Frameworks */,
				E08357302A1363320048A126 /* libopencv_dnn.4.7.0.dylib in Frameworks */,
				E08357762A1363320048A126 /* libopencv_intensity_transform.4.7.0.dylib in Frameworks */,
				E08357812A1363320048A126 /* libopencv_dpm.a in Frameworks */,
				E083574E2A1363320048A126 /* libopencv_video.a in Frameworks */,
				E08357432A1363320048A126 /* libopencv_rgbd.a in Frameworks */,
				E083577A2A1363320048A126 /* libopencv_dnn_superres.a in Frameworks */,
				E08357662A1363320048A126 /* libopencv_sfm.a in Frameworks */,
				E08357622A1363320048A126 /* libopencv_objdetect.a in Frameworks */,
				E08357382A1363320048A126 /* libopencv_features2d.a in Frameworks */,
				E083577F2A1363320048A126 /* libopencv_line_descriptor.a in Frameworks */,
				E08357322A1363320048A126 /* libopencv_viz.a in Frameworks */,
				E083578B2A1363320048A126 /* libopencv_hfs.a in Frameworks */,
				E08357682A1363320048A126 /* libopencv_photo.4.7.0.dylib in Frameworks */,
				E08357632A1363320048A126 /* libmultiview.a in Frameworks */,
				E08357292A1363320048A126 /* libopencv_datasets.a in Frameworks */,
				E08357452A1363320048A126 /* libopencv_flann.4.7.0.dylib in Frameworks */,
				E083573A2A1363320048A126 /* libopencv_barcode.4.7.0.dylib in Frameworks */,
				E08357582A1363320048A126 /* libopencv_gapi.a in Frameworks */,
				E083577B2A1363320048A126 /* libopencv_superres.4.7.0.dylib in Frameworks */,
				E083575C2A1363320048A126 /* libopencv_mcc.4.7.0.dylib in Frameworks */,
				E08357692A1363320048A126 /* libopencv_structured_light.4.7.0.dylib in Frameworks */,
				E083578E2A1363320048A126 /* libopencv_surface_matching.4.7.0.dylib in Frameworks */,
				E083572E2A1363320048A126 /* libopencv_text.4.7.0.dylib in Frameworks */,
				E08357202A1363320048A126 /* libopencv_bgsegm.a in Frameworks */,
				E08357892A1363320048A126 /* libopencv_line_descriptor.4.7.0.dylib in Frameworks */,
				E083574A2A1363320048A126 /* libopencv_fuzzy.a in Frameworks */,
				E08357392A1363320048A126 /* libopencv_optflow.4.7.0.dylib in Frameworks */,
				E083578A2A1363320048A126 /* libittnotify.a in Frameworks */,
				E08357472A1363320048A126 /* libopencv_dnn_objdetect.4.7.0.dylib in Frameworks */,
				E083574F2A1363320048A126 /* libopencv_mcc.a in Frameworks */,
				E083573C2A1363320048A126 /* libopencv_fuzzy.4.7.0.dylib in Frameworks */,
				E08357882A1363320048A126 /* libopencv_datasets.4.7.0.dylib in Frameworks */,
				E08357252A1363320048A126 /* libopencv_quality.a in Frameworks */,
				E08357542A1363320048A126 /* libopencv_core.4.7.0.dylib in Frameworks */,
				E08357522A1363320048A126 /* libopencv_tracking.a in Frameworks */,
				E083578C2A1363320048A126 /* libopencv_bioinspired.a in Frameworks */,
				E08357722A1363320048A126 /* libopencv_phase_unwrapping.a in Frameworks */,
				E083577D2A1363320048A126 /* libopencv_xfeatures2d.4.7.0.dylib in Frameworks */,
				E083578F2A1363320048A126 /* libopencv_imgproc.a in Frameworks */,
				E08357332A1363320048A126 /* libopencv_calib3d.a in Frameworks */,
				E08357412A1363320048A126 /* libopencv_dnn.a in Frameworks */,
				E083576E2A1363320048A126 /* libopencv_face.a in Frameworks */,
				E08357902A1363320048A126 /* libopencv_videostab.4.7.0.dylib in Frameworks */,
				E08357482A1363320048A126 /* libopencv_imgcodecs.a in Frameworks */,
				E08357612A1363320048A126 /* libopencv_rapid.a in Frameworks */,
				E083576F2A1363320048A126 /* libopencv_wechat_qrcode.a in Frameworks */,
				E08357642A1363320048A126 /* libopencv_bgsegm.4.7.0.dylib in Frameworks */,
				E083577E2A1363320048A126 /* libopencv_alphamat.4.7.0.dylib in Frameworks */,
				E08357362A1363320048A126 /* libquirc.a in Frameworks */,
				E08357242A1363320048A126 /* libcorrespondence.a in Frameworks */,
				E08357532A1363320048A126 /* libopencv_superres.a in Frameworks */,
				E083572F2A1363320048A126 /* libopencv_rapid.4.7.0.dylib in Frameworks */,
				E08357942A1363320048A126 /* libmultiview.a in Frameworks */,
				E08357602A1363320048A126 /* libopencv_ml.4.7.0.dylib in Frameworks */,
				E083573E2A1363320048A126 /* libopencv_phase_unwrapping.4.7.0.dylib in Frameworks */,
				E08357832A1363320048A126 /* libopencv_face.4.7.0.dylib in Frameworks */,
				E083571F2A1363320048A126 /* libopencv_photo.a in Frameworks */,
				E08357962A1363330048A126 /* libopencv_quality.4.7.0.dylib in Frameworks */,
				E08357772A1363320048A126 /* libopencv_freetype.4.7.0.dylib in Frameworks */,
				E083575A2A1363320048A126 /* libopencv_text.a in Frameworks */,
				E08357852A1363320048A126 /* libopencv_viz.4.7.0.dylib in Frameworks */,
				E083572A2A1363320048A126 /* libopencv_calib3d.4.7.0.dylib in Frameworks */,
				E08357752A1363320048A126 /* libopencv_ximgproc.a in Frameworks */,
				E08357422A1363320048A126 /* libopencv_core.a in Frameworks */,
				E08357982A1363330048A126 /* libopencv_optflow.a in Frameworks */,
				E08357932A1363320048A126 /* libnumeric.a in Frameworks */,
				E08357872A1363320048A126 /* libopencv_aruco.4.7.0.dylib in Frameworks */,
				E08357792A1363320048A126 /* libopencv_shape.a in Frameworks */,
				E083572D2A1363320048A126 /* libopencv_dnn_objdetect.a in Frameworks */,
				E083572B2A1363320048A126 /* libopencv_tracking.4.7.0.dylib in Frameworks */,
				E08357732A1363320048A126 /* libopencv_plot.4.7.0.dylib in Frameworks */,
				E08357592A1363320048A126 /* libopencv_xobjdetect.a in Frameworks */,
				E08357212A1363320048A126 /* libopencv_sfm.4.7.0.dylib in Frameworks */,
				E08357922A1363320048A126 /* libsimple_pipeline.a in Frameworks */,
				E083573F2A1363320048A126 /* libopencv_reg.4.7.0.dylib in Frameworks */,
				E083573B2A1363320048A126 /* libopencv_imgproc.4.7.0.dylib in Frameworks */,
				E083574B2A1363320048A126 /* libopencv_wechat_qrcode.4.7.0.dylib in Frameworks */,
				E08357282A1363320048A126 /* libsimple_pipeline.a in Frameworks */,
			);
			runOnlyForDeploymentPostprocessing = 0;
		};
/* End PBXFrameworksBuildPhase section */

/* Begin PBXGroup section */
		7516B615242CB36D0060C7A4 /* 第七章 */ = {
			isa = PBXGroup;
			children = (
				7516B617242CB3A90060C7A4 /* SeventhClass.cpp */,
				7516B618242CB3A90060C7A4 /* SeventhClass.hpp */,
			);
			path = "第七章";
			sourceTree = "<group>";
		};
		7516B616242CB3740060C7A4 /* 第八章 */ = {
			isa = PBXGroup;
			children = (
				7516B61A242CB3BC0060C7A4 /* EighthClass.cpp */,
				7516B61B242CB3BC0060C7A4 /* EighthClass.hpp */,
			);
			path = "第八章";
			sourceTree = "<group>";
		};
		7554DCAA23A8829000B55DC2 /* 第三章 */ = {
			isa = PBXGroup;
			children = (
				7554DCAB23A882AB00B55DC2 /* ThirdClass.cpp */,
				7554DCAC23A882AB00B55DC2 /* ThirdClass.hpp */,
			);
			path = "第三章";
			sourceTree = "<group>";
		};
		7590A61023A0DDB3009DD837 = {
			isa = PBXGroup;
			children = (
				7590A61B23A0DDB3009DD837 /* HUOpenCV4 */,
				7590A61A23A0DDB3009DD837 /* Products */,
				7590A62323A0DDD8009DD837 /* Frameworks */,
			);
			sourceTree = "<group>";
		};
		7590A61A23A0DDB3009DD837 /* Products */ = {
			isa = PBXGroup;
			children = (
				7590A61923A0DDB3009DD837 /* HUOpenCV4 */,
			);
			name = Products;
			sourceTree = "<group>";
		};
		7590A61B23A0DDB3009DD837 /* HUOpenCV4 */ = {
			isa = PBXGroup;
			children = (
				7590A61C23A0DDB3009DD837 /* main.cpp */,
				755A14FD23A362280077C1CC /* HUOpenCV4.entitlements */,
				8525CC0B23A66B150066EF26 /* Info.plist */,
				75A9980623A36D8800AEA9A2 /* 第二章 */,
				7554DCAA23A8829000B55DC2 /* 第三章 */,
				85B5485323AA78F1002ACCFA /* 第四章 */,
				75C7611023D5A91000276CB9 /* 第五章 */,
				75DDD5D52421F29E0048C4E1 /* 第六章 */,
				7516B615242CB36D0060C7A4 /* 第七章 */,
				7516B616242CB3740060C7A4 /* 第八章 */,
				E09C154E29DAB3E600AF3EF4 /* TestSpace */,
				E09C155129DAB3F900AF3EF4 /* 第九章 */,
				E09C155429DAB3F900AF3EF4 /* 第十章 */,
				E08C4FB729DEB51F009F4488 /* 第十一章 */,
				E0EEDE402A064E7800964ABC /* 第十二章 */,
				E08DF7F52A1384260050E123 /* 第十三章 */,
			);
			path = HUOpenCV4;
			sourceTree = "<group>";
		};
		7590A62323A0DDD8009DD837 /* Frameworks */ = {
			isa = PBXGroup;
			children = (
				E083569D2A1363320048A126 /* lib */,
			);
			name = Frameworks;
			sourceTree = "<group>";
		};
		75A9980623A36D8800AEA9A2 /* 第二章 */ = {
			isa = PBXGroup;
			children = (
				75A9980723A36DC100AEA9A2 /* SecondClass.cpp */,
				75A9980823A36DC100AEA9A2 /* SecondClass.hpp */,
			);
			path = "第二章";
			sourceTree = "<group>";
		};
		75C7611023D5A91000276CB9 /* 第五章 */ = {
			isa = PBXGroup;
			children = (
				75C7611123D5A93F00276CB9 /* FifthClass.cpp */,
				75C7611223D5A93F00276CB9 /* FifthClass.hpp */,
			);
			path = "第五章";
			sourceTree = "<group>";
		};
		75DDD5D52421F29E0048C4E1 /* 第六章 */ = {
			isa = PBXGroup;
			children = (
				75DDD5D62421F2EB0048C4E1 /* SixthClass.cpp */,
				75DDD5D72421F2EB0048C4E1 /* SixthClass.hpp */,
			);
			path = "第六章";
			sourceTree = "<group>";
		};
		85B5485323AA78F1002ACCFA /* 第四章 */ = {
			isa = PBXGroup;
			children = (
				85B5485423AA7928002ACCFA /* FourthClass.cpp */,
				85B5485523AA7928002ACCFA /* FourthClass.hpp */,
			);
			path = "第四章";
			sourceTree = "<group>";
		};
		E083569D2A1363320048A126 /* lib */ = {
			isa = PBXGroup;
			children = (
				E083569E2A1363320048A126 /* libopencv_saliency.a */,
				E083569F2A1363320048A126 /* libopencv_photo.a */,
				E08356A02A1363320048A126 /* libopencv_bgsegm.a */,
				E08356A12A1363320048A126 /* libopencv_sfm.4.7.0.dylib */,
				E08356A22A1363320048A126 /* libopencv_videoio.a */,
				E08356A32A1363320048A126 /* libopencv_dnn_superres.4.7.0.dylib */,
				E08356A42A1363320048A126 /* libcorrespondence.a */,
				E08356A52A1363320048A126 /* libopencv_quality.a */,
				E08356A62A1363320048A126 /* libopencv_barcode.a */,
				E08356A72A1363320048A126 /* libopencv_surface_matching.a */,
				E08356A82A1363320048A126 /* libsimple_pipeline.a */,
				E08356A92A1363320048A126 /* libopencv_datasets.a */,
				E08356AA2A1363320048A126 /* libopencv_calib3d.4.7.0.dylib */,
				E08356AB2A1363320048A126 /* pkgconfig */,
				E08356AD2A1363320048A126 /* libopencv_tracking.4.7.0.dylib */,
				E08356AE2A1363320048A126 /* libopencv_xobjdetect.4.7.0.dylib */,
				E08356AF2A1363320048A126 /* libopencv_dnn_objdetect.a */,
				E08356B02A1363320048A126 /* libopencv_text.4.7.0.dylib */,
				E08356B12A1363320048A126 /* libopencv_rapid.4.7.0.dylib */,
				E08356B22A1363320048A126 /* libopencv_dnn.4.7.0.dylib */,
				E08356B32A1363320048A126 /* libopencv_ccalib.4.7.0.dylib */,
				E08356B42A1363320048A126 /* libopencv_viz.a */,
				E08356B52A1363320048A126 /* libopencv_calib3d.a */,
				E08356B62A1363320048A126 /* libopencv_xphoto.4.7.0.dylib */,
				E08356B72A1363320048A126 /* libopencv_xphoto.a */,
				E08356B82A1363320048A126 /* libquirc.a */,
				E08356B92A1363320048A126 /* libopencv_objdetect.4.7.0.dylib */,
				E08356BA2A1363320048A126 /* libopencv_features2d.a */,
				E08356BB2A1363320048A126 /* libopencv_optflow.4.7.0.dylib */,
				E08356BC2A1363320048A126 /* libopencv_barcode.4.7.0.dylib */,
				E08356BD2A1363320048A126 /* libopencv_imgproc.4.7.0.dylib */,
				E08356BE2A1363320048A126 /* libopencv_fuzzy.4.7.0.dylib */,
				E08356BF2A1363320048A126 /* libopencv_img_hash.a */,
				E08356C02A1363320048A126 /* libopencv_phase_unwrapping.4.7.0.dylib */,
				E08356C12A1363320048A126 /* libopencv_reg.4.7.0.dylib */,
				E08356C22A1363320048A126 /* libopencv_imgcodecs.4.7.0.dylib */,
				E08356C32A1363320048A126 /* libopencv_dnn.a */,
				E08356C42A1363320048A126 /* libopencv_core.a */,
				E08356C52A1363320048A126 /* libopencv_rgbd.a */,
				E08356C62A1363320048A126 /* libopencv_plot.a */,
				E08356C72A1363320048A126 /* libopencv_flann.4.7.0.dylib */,
				E08356C82A1363320048A126 /* libopencv_freetype.a */,
				E08356C92A1363320048A126 /* libopencv_dnn_objdetect.4.7.0.dylib */,
				E08356CA2A1363320048A126 /* libopencv_imgcodecs.a */,
				E08356CB2A1363320048A126 /* libopencv_highgui.a */,
				E08356CC2A1363320048A126 /* libopencv_fuzzy.a */,
				E08356CD2A1363320048A126 /* libopencv_wechat_qrcode.4.7.0.dylib */,
				E08356CE2A1363320048A126 /* libopencv_features2d.4.7.0.dylib */,
				E08356CF2A1363320048A126 /* libopencv_structured_light.a */,
				E08356D02A1363320048A126 /* libopencv_video.a */,
				E08356D12A1363320048A126 /* libopencv_mcc.a */,
				E08356D22A1363320048A126 /* libopencv_dpm.4.7.0.dylib */,
				E08356D32A1363320048A126 /* libnumeric.a */,
				E08356D42A1363320048A126 /* libopencv_tracking.a */,
				E08356D52A1363320048A126 /* libopencv_superres.a */,
				E08356D62A1363320048A126 /* libopencv_core.4.7.0.dylib */,
				E08356D72A1363320048A126 /* libopencv_rgbd.4.7.0.dylib */,
				E08356D82A1363320048A126 /* libopencv_img_hash.4.7.0.dylib */,
				E08356D92A1363320048A126 /* libopencv_reg.a */,
				E08356DA2A1363320048A126 /* libopencv_gapi.a */,
				E08356DB2A1363320048A126 /* libopencv_xobjdetect.a */,
				E08356DC2A1363320048A126 /* libopencv_text.a */,
				E08356DD2A1363320048A126 /* libopencv_highgui.4.7.0.dylib */,
				E08356DE2A1363320048A126 /* libopencv_mcc.4.7.0.dylib */,
				E08356DF2A1363320048A126 /* libopencv_videoio.4.7.0.dylib */,
				E08356E02A1363320048A126 /* libopencv_ml.a */,
				E08356E12A1363320048A126 /* libopencv_ccalib.a */,
				E08356E22A1363320048A126 /* libopencv_ml.4.7.0.dylib */,
				E08356E32A1363320048A126 /* libopencv_rapid.a */,
				E08356E42A1363320048A126 /* libopencv_objdetect.a */,
				E08356E52A1363320048A126 /* libmultiview.a */,
				E08356E62A1363320048A126 /* libopencv_bgsegm.4.7.0.dylib */,
				E08356E72A1363320048A126 /* libopencv_stereo.a */,
				E08356E82A1363320048A126 /* libopencv_sfm.a */,
				E08356E92A1363320048A126 /* libopencv_gapi.4.7.0.dylib */,
				E08356EA2A1363320048A126 /* libopencv_photo.4.7.0.dylib */,
				E08356EB2A1363320048A126 /* libopencv_structured_light.4.7.0.dylib */,
				E08356EC2A1363320048A126 /* libopencv_ximgproc.4.7.0.dylib */,
				E08356ED2A1363320048A126 /* libopencv_videostab.a */,
				E08356EE2A1363320048A126 /* libopencv_stitching.4.7.0.dylib */,
				E08356EF2A1363320048A126 /* libopencv_aruco.a */,
				E08356F02A1363320048A126 /* libopencv_face.a */,
				E08356F12A1363320048A126 /* libopencv_wechat_qrcode.a */,
				E08356F22A1363320048A126 /* libopencv_alphamat.a */,
				E08356F32A1363320048A126 /* libopencv_stitching.a */,
				E08356F42A1363320048A126 /* libopencv_phase_unwrapping.a */,
				E08356F52A1363320048A126 /* libopencv_plot.4.7.0.dylib */,
				E08356F62A1363320048A126 /* libopencv_xfeatures2d.a */,
				E08356F72A1363320048A126 /* libopencv_ximgproc.a */,
				E08356F82A1363320048A126 /* libopencv_intensity_transform.4.7.0.dylib */,
				E08356F92A1363320048A126 /* libopencv_freetype.4.7.0.dylib */,
				E08356FA2A1363320048A126 /* libade.a */,
				E08356FB2A1363320048A126 /* libopencv_shape.a */,
				E08356FC2A1363320048A126 /* libopencv_dnn_superres.a */,
				E08356FD2A1363320048A126 /* libopencv_superres.4.7.0.dylib */,
				E08356FE2A1363320048A126 /* libopencv_video.4.7.0.dylib */,
				E08356FF2A1363320048A126 /* libopencv_xfeatures2d.4.7.0.dylib */,
				E08357002A1363320048A126 /* libopencv_alphamat.4.7.0.dylib */,
				E08357012A1363320048A126 /* libopencv_line_descriptor.a */,
				E08357022A1363320048A126 /* libopencv_stereo.4.7.0.dylib */,
				E08357032A1363320048A126 /* libopencv_dpm.a */,
				E08357042A1363320048A126 /* libopencv_flann.a */,
				E08357052A1363320048A126 /* libopencv_face.4.7.0.dylib */,
				E08357062A1363320048A126 /* libopencv_hfs.4.7.0.dylib */,
				E08357072A1363320048A126 /* libopencv_viz.4.7.0.dylib */,
				E08357082A1363320048A126 /* libopencv_intensity_transform.a */,
				E08357092A1363320048A126 /* libopencv_aruco.4.7.0.dylib */,
				E083570A2A1363320048A126 /* libopencv_datasets.4.7.0.dylib */,
				E083570B2A1363320048A126 /* libopencv_line_descriptor.4.7.0.dylib */,
				E083570C2A1363320048A126 /* libittnotify.a */,
				E083570D2A1363320048A126 /* libopencv_hfs.a */,
				E083570E2A1363320048A126 /* libopencv_bioinspired.a */,
				E083570F2A1363320048A126 /* libtegra_hal.a */,
				E08357102A1363320048A126 /* libopencv_surface_matching.4.7.0.dylib */,
				E08357112A1363320048A126 /* libopencv_imgproc.a */,
				E08357122A1363320048A126 /* libopencv_videostab.4.7.0.dylib */,
				E08357132A1363320048A126 /* opencv4 */,
				E08357192A1363320048A126 /* libopencv_shape.4.7.0.dylib */,
				E083571A2A1363320048A126 /* libopencv_quality.4.7.0.dylib */,
				E083571B2A1363320048A126 /* libopencv_bioinspired.4.7.0.dylib */,
				E083571C2A1363320048A126 /* libopencv_optflow.a */,
				E083571D2A1363320048A126 /* libopencv_saliency.4.7.0.dylib */,
			);
			path = lib;
			sourceTree = "<group>";
		};
		E08356AB2A1363320048A126 /* pkgconfig */ = {
			isa = PBXGroup;
			children = (
				E08356AC2A1363320048A126 /* opencv4.pc */,
			);
			path = pkgconfig;
			sourceTree = "<group>";
		};
		E08357132A1363320048A126 /* opencv4 */ = {
			isa = PBXGroup;
			children = (
				E08357142A1363320048A126 /* 3rdparty */,
			);
			path = opencv4;
			sourceTree = "<group>";
		};
		E08357142A1363320048A126 /* 3rdparty */ = {
			isa = PBXGroup;
			children = (
				E08357152A1363320048A126 /* libcorrespondence.a */,
				E08357162A1363320048A126 /* libsimple_pipeline.a */,
				E08357172A1363320048A126 /* libnumeric.a */,
				E08357182A1363320048A126 /* libmultiview.a */,
			);
			path = 3rdparty;
			sourceTree = "<group>";
		};
		E08C4FB729DEB51F009F4488 /* 第十一章 */ = {
			isa = PBXGroup;
			children = (
				E08C4FB829DEB536009F4488 /* Eleventh.cpp */,
				E08C4FB929DEB536009F4488 /* Eleventh.hpp */,
			);
			path = "第十一章";
			sourceTree = "<group>";
		};
		E08DF7F52A1384260050E123 /* 第十三章 */ = {
			isa = PBXGroup;
			children = (
				E08DF7F62A1384690050E123 /* Thirteenth.cpp */,
				E08DF7F82A1384CA0050E123 /* Thireteenth.hpp */,
			);
			path = "第十三章";
			sourceTree = "<group>";
		};
		E09C154E29DAB3E600AF3EF4 /* TestSpace */ = {
			isa = PBXGroup;
			children = (
				E09C154F29DAB3E600AF3EF4 /* TestSpace.cpp */,
				E09C155029DAB3E600AF3EF4 /* TestSpace.hpp */,
			);
			name = TestSpace;
			path = HUOpenCV4/TestSpace;
			sourceTree = SOURCE_ROOT;
		};
		E09C155129DAB3F900AF3EF4 /* 第九章 */ = {
			isa = PBXGroup;
			children = (
				E09C155229DAB3F900AF3EF4 /* NinthClass.hpp */,
				E09C155329DAB3F900AF3EF4 /* NinthClass.cpp */,
			);
			path = "第九章";
			sourceTree = "<group>";
		};
		E09C155429DAB3F900AF3EF4 /* 第十章 */ = {
			isa = PBXGroup;
			children = (
				E09C155529DAB3F900AF3EF4 /* Tenth.cpp */,
				E09C155629DAB3F900AF3EF4 /* Tenth.hpp */,
			);
			path = "第十章";
			sourceTree = "<group>";
		};
		E0EEDE402A064E7800964ABC /* 第十二章 */ = {
			isa = PBXGroup;
			children = (
				E0EEDE412A064EDD00964ABC /* TwelfthClass.cpp */,
				E0EEDE422A064EDD00964ABC /* TwelfthClass.hpp */,
			);
			path = "第十二章";
			sourceTree = "<group>";
		};
/* End PBXGroup section */

/* Begin PBXNativeTarget section */
		7590A61823A0DDB3009DD837 /* HUOpenCV4 */ = {
			isa = PBXNativeTarget;
			buildConfigurationList = 7590A62023A0DDB3009DD837 /* Build configuration list for PBXNativeTarget "HUOpenCV4" */;
			buildPhases = (
				7590A61523A0DDB3009DD837 /* Sources */,
				7590A61623A0DDB3009DD837 /* Frameworks */,
				7590A61723A0DDB3009DD837 /* CopyFiles */,
			);
			buildRules = (
			);
			dependencies = (
			);
			name = HUOpenCV4;
			productName = HUOpenCV4;
			productReference = 7590A61923A0DDB3009DD837 /* HUOpenCV4 */;
			productType = "com.apple.product-type.tool";
		};
/* End PBXNativeTarget section */

/* Begin PBXProject section */
		7590A61123A0DDB3009DD837 /* Project object */ = {
			isa = PBXProject;
			attributes = {
				LastUpgradeCheck = 1400;
				ORGANIZATIONNAME = jw.hu;
				TargetAttributes = {
					7590A61823A0DDB3009DD837 = {
						CreatedOnToolsVersion = 11.2.1;
					};
				};
			};
			buildConfigurationList = 7590A61423A0DDB3009DD837 /* Build configuration list for PBXProject "HUOpenCV4" */;
			compatibilityVersion = "Xcode 9.3";
			developmentRegion = en;
			hasScannedForEncodings = 0;
			knownRegions = (
				en,
				Base,
			);
			mainGroup = 7590A61023A0DDB3009DD837;
			productRefGroup = 7590A61A23A0DDB3009DD837 /* Products */;
			projectDirPath = "";
			projectRoot = "";
			targets = (
				7590A61823A0DDB3009DD837 /* HUOpenCV4 */,
			);
		};
/* End PBXProject section */

/* Begin PBXSourcesBuildPhase section */
		7590A61523A0DDB3009DD837 /* Sources */ = {
			isa = PBXSourcesBuildPhase;
			buildActionMask = 2147483647;
			files = (
				E08DF7F72A1384690050E123 /* Thirteenth.cpp in Sources */,
				E08C4FBA29DEB536009F4488 /* Eleventh.cpp in Sources */,
				E09C164229DABD6100AF3EF4 /* TestSpace.cpp in Sources */,
				E09C164129DABD5300AF3EF4 /* Tenth.cpp in Sources */,
				E0EEDE432A064EDD00964ABC /* TwelfthClass.cpp in Sources */,
				E09C164029DABD4E00AF3EF4 /* NinthClass.cpp in Sources */,
				75DDD5D82421F2EB0048C4E1 /* SixthClass.cpp in Sources */,
				75C7611323D5A93F00276CB9 /* FifthClass.cpp in Sources */,
				7554DCAD23A882AB00B55DC2 /* ThirdClass.cpp in Sources */,
				7516B619242CB3A90060C7A4 /* SeventhClass.cpp in Sources */,
				75A9980923A36DC100AEA9A2 /* SecondClass.cpp in Sources */,
				85B5485623AA7928002ACCFA /* FourthClass.cpp in Sources */,
				7516B61C242CB3BC0060C7A4 /* EighthClass.cpp in Sources */,
				7590A61D23A0DDB3009DD837 /* main.cpp in Sources */,
			);
			runOnlyForDeploymentPostprocessing = 0;
		};
/* End PBXSourcesBuildPhase section */

/* Begin XCBuildConfiguration section */
		7590A61E23A0DDB3009DD837 /* Debug */ = {
			isa = XCBuildConfiguration;
			buildSettings = {
				ALWAYS_SEARCH_USER_PATHS = NO;
				CLANG_ANALYZER_NONNULL = YES;
				CLANG_ANALYZER_NUMBER_OBJECT_CONVERSION = YES_AGGRESSIVE;
				CLANG_CXX_LANGUAGE_STANDARD = "gnu++14";
				CLANG_CXX_LIBRARY = "libc++";
				CLANG_ENABLE_MODULES = YES;
				CLANG_ENABLE_OBJC_ARC = YES;
				CLANG_ENABLE_OBJC_WEAK = YES;
				CLANG_WARN_BLOCK_CAPTURE_AUTORELEASING = YES;
				CLANG_WARN_BOOL_CONVERSION = YES;
				CLANG_WARN_COMMA = YES;
				CLANG_WARN_CONSTANT_CONVERSION = YES;
				CLANG_WARN_DEPRECATED_OBJC_IMPLEMENTATIONS = YES;
				CLANG_WARN_DIRECT_OBJC_ISA_USAGE = YES_ERROR;
				CLANG_WARN_DOCUMENTATION_COMMENTS = YES;
				CLANG_WARN_EMPTY_BODY = YES;
				CLANG_WARN_ENUM_CONVERSION = YES;
				CLANG_WARN_INFINITE_RECURSION = YES;
				CLANG_WARN_INT_CONVERSION = YES;
				CLANG_WARN_NON_LITERAL_NULL_CONVERSION = YES;
				CLANG_WARN_OBJC_IMPLICIT_RETAIN_SELF = YES;
				CLANG_WARN_OBJC_LITERAL_CONVERSION = YES;
				CLANG_WARN_OBJC_ROOT_CLASS = YES_ERROR;
				CLANG_WARN_QUOTED_INCLUDE_IN_FRAMEWORK_HEADER = YES;
				CLANG_WARN_RANGE_LOOP_ANALYSIS = YES;
				CLANG_WARN_STRICT_PROTOTYPES = YES;
				CLANG_WARN_SUSPICIOUS_MOVE = YES;
				CLANG_WARN_UNGUARDED_AVAILABILITY = YES_AGGRESSIVE;
				CLANG_WARN_UNREACHABLE_CODE = YES;
				CLANG_WARN__DUPLICATE_METHOD_MATCH = YES;
				COPY_PHASE_STRIP = NO;
				DEAD_CODE_STRIPPING = YES;
				DEBUG_INFORMATION_FORMAT = dwarf;
				ENABLE_STRICT_OBJC_MSGSEND = YES;
				ENABLE_TESTABILITY = YES;
				GCC_C_LANGUAGE_STANDARD = gnu11;
				GCC_DYNAMIC_NO_PIC = NO;
				GCC_NO_COMMON_BLOCKS = YES;
				GCC_OPTIMIZATION_LEVEL = 0;
				GCC_PREPROCESSOR_DEFINITIONS = (
					"DEBUG=1",
					"$(inherited)",
				);
				GCC_WARN_64_TO_32_BIT_CONVERSION = YES;
				GCC_WARN_ABOUT_RETURN_TYPE = YES_ERROR;
				GCC_WARN_UNDECLARED_SELECTOR = YES;
				GCC_WARN_UNINITIALIZED_AUTOS = YES_AGGRESSIVE;
				GCC_WARN_UNUSED_FUNCTION = YES;
				GCC_WARN_UNUSED_VARIABLE = YES;
				MACOSX_DEPLOYMENT_TARGET = 10.15;
				MTL_ENABLE_DEBUG_INFO = INCLUDE_SOURCE;
				MTL_FAST_MATH = YES;
				ONLY_ACTIVE_ARCH = YES;
				SDKROOT = macosx;
			};
			name = Debug;
		};
		7590A61F23A0DDB3009DD837 /* Release */ = {
			isa = XCBuildConfiguration;
			buildSettings = {
				ALWAYS_SEARCH_USER_PATHS = NO;
				CLANG_ANALYZER_NONNULL = YES;
				CLANG_ANALYZER_NUMBER_OBJECT_CONVERSION = YES_AGGRESSIVE;
				CLANG_CXX_LANGUAGE_STANDARD = "gnu++14";
				CLANG_CXX_LIBRARY = "libc++";
				CLANG_ENABLE_MODULES = YES;
				CLANG_ENABLE_OBJC_ARC = YES;
				CLANG_ENABLE_OBJC_WEAK = YES;
				CLANG_WARN_BLOCK_CAPTURE_AUTORELEASING = YES;
				CLANG_WARN_BOOL_CONVERSION = YES;
				CLANG_WARN_COMMA = YES;
				CLANG_WARN_CONSTANT_CONVERSION = YES;
				CLANG_WARN_DEPRECATED_OBJC_IMPLEMENTATIONS = YES;
				CLANG_WARN_DIRECT_OBJC_ISA_USAGE = YES_ERROR;
				CLANG_WARN_DOCUMENTATION_COMMENTS = YES;
				CLANG_WARN_EMPTY_BODY = YES;
				CLANG_WARN_ENUM_CONVERSION = YES;
				CLANG_WARN_INFINITE_RECURSION = YES;
				CLANG_WARN_INT_CONVERSION = YES;
				CLANG_WARN_NON_LITERAL_NULL_CONVERSION = YES;
				CLANG_WARN_OBJC_IMPLICIT_RETAIN_SELF = YES;
				CLANG_WARN_OBJC_LITERAL_CONVERSION = YES;
				CLANG_WARN_OBJC_ROOT_CLASS = YES_ERROR;
				CLANG_WARN_QUOTED_INCLUDE_IN_FRAMEWORK_HEADER = YES;
				CLANG_WARN_RANGE_LOOP_ANALYSIS = YES;
				CLANG_WARN_STRICT_PROTOTYPES = YES;
				CLANG_WARN_SUSPICIOUS_MOVE = YES;
				CLANG_WARN_UNGUARDED_AVAILABILITY = YES_AGGRESSIVE;
				CLANG_WARN_UNREACHABLE_CODE = YES;
				CLANG_WARN__DUPLICATE_METHOD_MATCH = YES;
				COPY_PHASE_STRIP = NO;
				DEAD_CODE_STRIPPING = YES;
				DEBUG_INFORMATION_FORMAT = "dwarf-with-dsym";
				ENABLE_NS_ASSERTIONS = NO;
				ENABLE_STRICT_OBJC_MSGSEND = YES;
				GCC_C_LANGUAGE_STANDARD = gnu11;
				GCC_NO_COMMON_BLOCKS = YES;
				GCC_WARN_64_TO_32_BIT_CONVERSION = YES;
				GCC_WARN_ABOUT_RETURN_TYPE = YES_ERROR;
				GCC_WARN_UNDECLARED_SELECTOR = YES;
				GCC_WARN_UNINITIALIZED_AUTOS = YES_AGGRESSIVE;
				GCC_WARN_UNUSED_FUNCTION = YES;
				GCC_WARN_UNUSED_VARIABLE = YES;
				MACOSX_DEPLOYMENT_TARGET = 10.15;
				MTL_ENABLE_DEBUG_INFO = NO;
				MTL_FAST_MATH = YES;
				SDKROOT = macosx;
			};
			name = Release;
		};
		7590A62123A0DDB3009DD837 /* Debug */ = {
			isa = XCBuildConfiguration;
			buildSettings = {
				CODE_SIGN_ENTITLEMENTS = HUOpenCV4/HUOpenCV4.entitlements;
				CODE_SIGN_IDENTITY = "Apple Development";
				"CODE_SIGN_IDENTITY[sdk=macosx*]" = "Apple Development";
				CODE_SIGN_STYLE = Automatic;
				CURRENT_PROJECT_VERSION = 1;
				DEAD_CODE_STRIPPING = YES;
				DEVELOPMENT_TEAM = 7SKZP3W4L7;
				ENABLE_HARDENED_RUNTIME = YES;
				HEADER_SEARCH_PATHS = (
					/opt/homebrew/Cellar/opencv/4.7.0_4/include/opencv4/opencv2,
					/opt/homebrew/Cellar/opencv/4.7.0_4/include/opencv4,
				);
				INFOPLIST_FILE = "$(SRCROOT)/HUOpenCV4/Info.plist";
				INSTALL_PATH = /opt/homebrew/Cellar/opencv/4.7.0_2/lib;
				LIBRARY_SEARCH_PATHS = (
					"$(inherited)",
					/opt/homebrew/Cellar/opencv/4.7.0_4/lib,
					"$(PROJECT_DIR)/lib",
					"$(PROJECT_DIR)/lib/opencv4/3rdparty",
				);
				MARKETING_VERSION = 1.0.0;
				PRODUCT_BUNDLE_IDENTIFIER = com.opencv4.hu;
				PRODUCT_NAME = "$(TARGET_NAME)";
				PROVISIONING_PROFILE_SPECIFIER = "";
				USER_HEADER_SEARCH_PATHS = /opt/homebrew/Cellar/opencv/4.7.0_4/include/opencv4/opencv2;
			};
			name = Debug;
		};
		7590A62223A0DDB3009DD837 /* Release */ = {
			isa = XCBuildConfiguration;
			buildSettings = {
				CODE_SIGN_ENTITLEMENTS = HUOpenCV4/HUOpenCV4.entitlements;
				CODE_SIGN_IDENTITY = "Apple Development";
				"CODE_SIGN_IDENTITY[sdk=macosx*]" = "Apple Development";
				CODE_SIGN_STYLE = Automatic;
				CURRENT_PROJECT_VERSION = 1;
				DEAD_CODE_STRIPPING = YES;
				DEVELOPMENT_TEAM = 7SKZP3W4L7;
				ENABLE_HARDENED_RUNTIME = YES;
				HEADER_SEARCH_PATHS = (
					/opt/homebrew/Cellar/opencv/4.7.0_4/include/opencv4/opencv2,
					/opt/homebrew/Cellar/opencv/4.7.0_4/include/opencv4,
				);
				INFOPLIST_FILE = "$(SRCROOT)/HUOpenCV4/Info.plist";
				INSTALL_PATH = /opt/homebrew/Cellar/opencv/4.7.0_2/lib;
				LIBRARY_SEARCH_PATHS = (
					"$(inherited)",
					/opt/homebrew/Cellar/opencv/4.7.0_4/lib,
					"$(PROJECT_DIR)/lib",
					"$(PROJECT_DIR)/lib/opencv4/3rdparty",
				);
				MARKETING_VERSION = 1.0.0;
				PRODUCT_BUNDLE_IDENTIFIER = com.opencv4.hu;
				PRODUCT_NAME = "$(TARGET_NAME)";
				PROVISIONING_PROFILE_SPECIFIER = "";
				USER_HEADER_SEARCH_PATHS = /opt/homebrew/Cellar/opencv/4.7.0_4/include/opencv4/opencv2;
			};
			name = Release;
		};
/* End XCBuildConfiguration section */

/* Begin XCConfigurationList section */
		7590A61423A0DDB3009DD837 /* Build configuration list for PBXProject "HUOpenCV4" */ = {
			isa = XCConfigurationList;
			buildConfigurations = (
				7590A61E23A0DDB3009DD837 /* Debug */,
				7590A61F23A0DDB3009DD837 /* Release */,
			);
			defaultConfigurationIsVisible = 0;
			defaultConfigurationName = Release;
		};
		7590A62023A0DDB3009DD837 /* Build configuration list for PBXNativeTarget "HUOpenCV4" */ = {
			isa = XCConfigurationList;
			buildConfigurations = (
				7590A62123A0DDB3009DD837 /* Debug */,
				7590A62223A0DDB3009DD837 /* Release */,
			);
			defaultConfigurationIsVisible = 0;
			defaultConfigurationName = Release;
		};
/* End XCConfigurationList section */
	};
	rootObject = 7590A61123A0DDB3009DD837 /* Project object */;
}
